// !$*UTF8*$!
{
	archiveVersion = 1;
	classes = {
	};
	objectVersion = 90;
	objects = {

/* Begin PBXBuildFile section */
		6407E6382A2791F100BB9AEA /* Imgur Sharing Service Delegate.swift in Sources */ = {isa = PBXBuildFile; fileRef = 6407E6372A2791F100BB9AEA /* Imgur Sharing Service Delegate.swift */; };
		6407E63A2A285B6C00BB9AEA /* Screenshot Share Button.swift in Sources */ = {isa = PBXBuildFile; fileRef = 6407E6392A285B6B00BB9AEA /* Screenshot Share Button.swift */; };
		640A758D2A208BE3005CDE49 /* Mod.swift in Sources */ = {isa = PBXBuildFile; fileRef = 640A758C2A208BE3005CDE49 /* Mod.swift */; };
		640A758F2A20E969005CDE49 /* Mod List.swift in Sources */ = {isa = PBXBuildFile; fileRef = 640A758E2A20E969005CDE49 /* Mod List.swift */; };
		640A75912A2115BA005CDE49 /* Run Once.swift in Sources */ = {isa = PBXBuildFile; fileRef = 640A75902A2115BA005CDE49 /* Run Once.swift */; };
		640A75942A21CEFD005CDE49 /* Screenshot.swift in Sources */ = {isa = PBXBuildFile; fileRef = 640A75932A21CEFD005CDE49 /* Screenshot.swift */; };
		640A75962A21D021005CDE49 /* Screenshot List.swift in Sources */ = {isa = PBXBuildFile; fileRef = 640A75952A21D021005CDE49 /* Screenshot List.swift */; };
		640A75B92A226F2C005CDE49 /* World List.swift in Sources */ = {isa = PBXBuildFile; fileRef = 640A75B82A226F2C005CDE49 /* World List.swift */; };
		640A75BC2A226F80005CDE49 /* World.swift in Sources */ = {isa = PBXBuildFile; fileRef = 640A75BB2A226F80005CDE49 /* World.swift */; };
		640CCF552A09F0FA0080F574 /* Settings Fetch.swift in Sources */ = {isa = PBXBuildFile; fileRef = 640CCF542A09F0FA0080F574 /* Settings Fetch.swift */; };
		640DC1ED2934EC2300943213 /* App Delegate.swift in Sources */ = {isa = PBXBuildFile; fileRef = 640DC1EC2934EC2300943213 /* App Delegate.swift */; };
		640DC1F12934F14200943213 /* New Instance View.swift in Sources */ = {isa = PBXBuildFile; fileRef = 640DC1F02934F14200943213 /* New Instance View.swift */; };
		64148DDA296E80E400E5EAD3 /* Global Preferences.swift in Sources */ = {isa = PBXBuildFile; fileRef = 64148DD9296E80E400E5EAD3 /* Global Preferences.swift */; };
		641678512923B6D40012C9CC /* Runtime Preferences View.swift in Sources */ = {isa = PBXBuildFile; fileRef = 641678502923B6D40012C9CC /* Runtime Preferences View.swift */; };
		641678532923B6FA0012C9CC /* Accounts Preferences View.swift in Sources */ = {isa = PBXBuildFile; fileRef = 641678522923B6F90012C9CC /* Accounts Preferences View.swift */; };
		64337EE92A17A4EF0017BCB0 /* Rule.swift in Sources */ = {isa = PBXBuildFile; fileRef = 64337EE82A17A4EF0017BCB0 /* Rule.swift */; };
		64337EEB2A17A62A0017BCB0 /* Conditional Argument.swift in Sources */ = {isa = PBXBuildFile; fileRef = 64337EEA2A17A62A0017BCB0 /* Conditional Argument.swift */; };
		64337EED2A17A6AA0017BCB0 /* Argument Element.swift in Sources */ = {isa = PBXBuildFile; fileRef = 64337EEC2A17A6AA0017BCB0 /* Argument Element.swift */; };
		64337EEF2A17A80B0017BCB0 /* Arguments.swift in Sources */ = {isa = PBXBuildFile; fileRef = 64337EEE2A17A80B0017BCB0 /* Arguments.swift */; };
		64337EF12A17C9AD0017BCB0 /* Version.swift in Sources */ = {isa = PBXBuildFile; fileRef = 64337EF02A17C9AD0017BCB0 /* Version.swift */; };
		64337EF32A17CA040017BCB0 /* Artifact.swift in Sources */ = {isa = PBXBuildFile; fileRef = 64337EF22A17CA040017BCB0 /* Artifact.swift */; };
		64337EF52A17CA6C0017BCB0 /* Main Downloads.swift in Sources */ = {isa = PBXBuildFile; fileRef = 64337EF42A17CA6C0017BCB0 /* Main Downloads.swift */; };
		64337EF72A17CADB0017BCB0 /* Preferred Java Version.swift in Sources */ = {isa = PBXBuildFile; fileRef = 64337EF62A17CADB0017BCB0 /* Preferred Java Version.swift */; };
		64337EFB2A17D66A0017BCB0 /* Library.swift in Sources */ = {isa = PBXBuildFile; fileRef = 64337EFA2A17D6690017BCB0 /* Library.swift */; };
		64337EFD2A17DB630017BCB0 /* Logging Config.swift in Sources */ = {isa = PBXBuildFile; fileRef = 64337EFC2A17DB620017BCB0 /* Logging Config.swift */; };
		643E454C2A1291CC00687839 /* Launch Error.swift in Sources */ = {isa = PBXBuildFile; fileRef = 643E454B2A1291CC00687839 /* Launch Error.swift */; };
		643E454E2A13300900687839 /* Instance Logo Picker Sheet.swift in Sources */ = {isa = PBXBuildFile; fileRef = 643E454D2A13300900687839 /* Instance Logo Picker Sheet.swift */; };
		643E45502A13308700687839 /* Instance Interative Logo View.swift in Sources */ = {isa = PBXBuildFile; fileRef = 643E454F2A13308700687839 /* Instance Interative Logo View.swift */; };
		643E45522A1330F600687839 /* Instance Choose Account Sheet.swift in Sources */ = {isa = PBXBuildFile; fileRef = 643E45512A1330F600687839 /* Instance Choose Account Sheet.swift */; };
		643E45542A13314E00687839 /* Launch Error Sheet.swift in Sources */ = {isa = PBXBuildFile; fileRef = 643E45532A13314E00687839 /* Launch Error Sheet.swift */; };
		643E45562A1331B700687839 /* Interactive Star View.swift in Sources */ = {isa = PBXBuildFile; fileRef = 643E45552A1331B700687839 /* Interactive Star View.swift */; };
		643E45582A13327900687839 /* Instance Notes View.swift in Sources */ = {isa = PBXBuildFile; fileRef = 643E45572A13327900687839 /* Instance Notes View.swift */; };
		643E455A2A1332BE00687839 /* Instance Synopsis View.swift in Sources */ = {isa = PBXBuildFile; fileRef = 643E45592A1332BE00687839 /* Instance Synopsis View.swift */; };
		643E455C2A13331100687839 /* Instance Title View.swift in Sources */ = {isa = PBXBuildFile; fileRef = 643E455B2A13331100687839 /* Instance Title View.swift */; };
		643E45632A133A3F00687839 /* Instance Specific Commands.swift in Sources */ = {isa = PBXBuildFile; fileRef = 643E45622A133A3F00687839 /* Instance Specific Commands.swift */; };
		643E45662A13A61000687839 /* Misc Preferences View.swift in Sources */ = {isa = PBXBuildFile; fileRef = 643E45652A13A60F00687839 /* Misc Preferences View.swift */; };
		643E45682A13A9A800687839 /* Developer Mode Commands.swift in Sources */ = {isa = PBXBuildFile; fileRef = 643E45672A13A9A800687839 /* Developer Mode Commands.swift */; };
		644DE1D42937C93600C4A03E /* Instance View.swift in Sources */ = {isa = PBXBuildFile; fileRef = 644DE1D32937C93600C4A03E /* Instance View.swift */; };
		644FC66E29375853003797D9 /* Instance Navigation Link.swift in Sources */ = {isa = PBXBuildFile; fileRef = 644FC66D29375852003797D9 /* Instance Navigation Link.swift */; };
		644FC6722937B243003797D9 /* Ui Preferences View.swift in Sources */ = {isa = PBXBuildFile; fileRef = 644FC6712937B243003797D9 /* Ui Preferences View.swift */; };
		64515B732A78DF34000D17A8 /* FileWatcher in Frameworks */ = {isa = PBXBuildFile; productRef = 64515B722A78DF34000D17A8 /* FileWatcher */; };
		6459E125297700D5006DB3A4 /* Instance Logo View.swift in Sources */ = {isa = PBXBuildFile; fileRef = 6459E124297700D5006DB3A4 /* Instance Logo View.swift */; };
		646139E02977E3A700BA9477 /* Symbol Picker.swift in Sources */ = {isa = PBXBuildFile; fileRef = 646139DF2977E3A700BA9477 /* Symbol Picker.swift */; };
		646139E22977E88700BA9477 /* SF Symbols 12 List.swift in Sources */ = {isa = PBXBuildFile; fileRef = 646139E12977E88700BA9477 /* SF Symbols 12 List.swift */; };
		646139E42977E95300BA9477 /* SF Symbols 13 List.swift in Sources */ = {isa = PBXBuildFile; fileRef = 646139E32977E95300BA9477 /* SF Symbols 13 List.swift */; };
		646139E62977EA0300BA9477 /* SF Symbols List.swift in Sources */ = {isa = PBXBuildFile; fileRef = 646139E52977EA0300BA9477 /* SF Symbols List.swift */; };
		6472E47029E2BF5F00B4C65B /* Parallel Downloader.swift in Sources */ = {isa = PBXBuildFile; fileRef = 6472E46F29E2BF5F00B4C65B /* Parallel Downloader.swift */; };
		6472E47229E2C35200B4C65B /* Download Task.swift in Sources */ = {isa = PBXBuildFile; fileRef = 6472E47129E2C35200B4C65B /* Download Task.swift */; };
		6474DC1C2A150D36001FCD4D /* Error Tracker.swift in Sources */ = {isa = PBXBuildFile; fileRef = 6474DC1B2A150D35001FCD4D /* Error Tracker.swift */; };
		6474DC1E2A150D63001FCD4D /* Error Tracker Entry.swift in Sources */ = {isa = PBXBuildFile; fileRef = 6474DC1D2A150D63001FCD4D /* Error Tracker Entry.swift */; };
		6474DC202A150D77001FCD4D /* Tracked Error Type.swift in Sources */ = {isa = PBXBuildFile; fileRef = 6474DC1F2A150D77001FCD4D /* Tracked Error Type.swift */; };
		6474DC242A15F952001FCD4D /* Error Tracker View.swift in Sources */ = {isa = PBXBuildFile; fileRef = 6474DC232A15F952001FCD4D /* Error Tracker View.swift */; };
		647A796A29E8166700497CE1 /* Console Text View.swift in Sources */ = {isa = PBXBuildFile; fileRef = 647A796929E8166600497CE1 /* Console Text View.swift */; };
		64821E0A29E44B78006012F7 /* Minecraft Account.swift in Sources */ = {isa = PBXBuildFile; fileRef = 64821E0929E44B78006012F7 /* Minecraft Account.swift */; };
		64821E0C29E44C14006012F7 /* Offline Account.swift in Sources */ = {isa = PBXBuildFile; fileRef = 64821E0B29E44C13006012F7 /* Offline Account.swift */; };
		64821E0E29E459FC006012F7 /* Account Manager.swift in Sources */ = {isa = PBXBuildFile; fileRef = 64821E0D29E459FA006012F7 /* Account Manager.swift */; };
		648445772A10C25D00049986 /* Account Manager + Auth.swift in Sources */ = {isa = PBXBuildFile; fileRef = 648445762A10C25D00049986 /* Account Manager + Auth.swift */; };
		6484457C2A10D03200049986 /* Xbox Auth Response.swift in Sources */ = {isa = PBXBuildFile; fileRef = 6484457B2A10D03200049986 /* Xbox Auth Response.swift */; };
		6484457E2A10D12400049986 /* Xsts Auth.swift in Sources */ = {isa = PBXBuildFile; fileRef = 6484457D2A10D12400049986 /* Xsts Auth.swift */; };
		648445802A10D44A00049986 /* Minecraft Token Response.swift in Sources */ = {isa = PBXBuildFile; fileRef = 6484457F2A10D44A00049986 /* Minecraft Token Response.swift */; };
		648445822A10D4FD00049986 /* Minecraft Auth.swift in Sources */ = {isa = PBXBuildFile; fileRef = 648445812A10D4FD00049986 /* Minecraft Auth.swift */; };
		648445842A10D69F00049986 /* Dictionary + Encoding.swift in Sources */ = {isa = PBXBuildFile; fileRef = 648445832A10D69F00049986 /* Dictionary + Encoding.swift */; };
		648445862A10D6B100049986 /* Character Set + Encoding Validation.swift in Sources */ = {isa = PBXBuildFile; fileRef = 648445852A10D6B100049986 /* Character Set + Encoding Validation.swift */; };
		648445882A10DE9300049986 /* Minecraft Profile.swift in Sources */ = {isa = PBXBuildFile; fileRef = 648445872A10DE9200049986 /* Minecraft Profile.swift */; };
		6484458A2A10F69600049986 /* Account Manager + Storage.swift in Sources */ = {isa = PBXBuildFile; fileRef = 648445892A10F69600049986 /* Account Manager + Storage.swift */; };
		6484458C2A10F6BC00049986 /* Account Manager + Server.swift in Sources */ = {isa = PBXBuildFile; fileRef = 6484458B2A10F6BC00049986 /* Account Manager + Server.swift */; };
		648EDF512A1881CE00E40B03 /* Partial Version.swift in Sources */ = {isa = PBXBuildFile; fileRef = 648EDF502A1881CE00E40B03 /* Partial Version.swift */; };
		649620D02A124EA500733AB6 /* Instance Export Sheet.swift in Sources */ = {isa = PBXBuildFile; fileRef = 649620CF2A124EA500733AB6 /* Instance Export Sheet.swift */; };
		6497595C29F0570000D0194E /* Add Offline Account View.swift in Sources */ = {isa = PBXBuildFile; fileRef = 6497595B29F056FF00D0194E /* Add Offline Account View.swift */; };
		6497595E29F25AD000D0194E /* Instance Editing VM.swift in Sources */ = {isa = PBXBuildFile; fileRef = 6497595D29F25AD000D0194E /* Instance Editing VM.swift */; };
		649762C02935A46E00977467 /* New Vanilla Instance View.swift in Sources */ = {isa = PBXBuildFile; fileRef = 649762BF2935A46E00977467 /* New Vanilla Instance View.swift */; };
		649EA76729EC27F300BD77EA /* UI Preferences.swift in Sources */ = {isa = PBXBuildFile; fileRef = 649EA76629EC27F300BD77EA /* UI Preferences.swift */; };
		64A1139E2A110ACD00E48761 /* Microsoft Account.swift in Sources */ = {isa = PBXBuildFile; fileRef = 64A1139D2A110ACC00E48761 /* Microsoft Account.swift */; };
		64A113A02A110D2500E48761 /* Minecraft Account Type.swift in Sources */ = {isa = PBXBuildFile; fileRef = 64A1139F2A110D2500E48761 /* Minecraft Account Type.swift */; };
		64A5150E29E2DED100AFE3AE /* Minecraft Jar.swift in Sources */ = {isa = PBXBuildFile; fileRef = 64A5150D29E2DED100AFE3AE /* Minecraft Jar.swift */; };
		64A5151029E2DEE900AFE3AE /* Library Artifact.swift in Sources */ = {isa = PBXBuildFile; fileRef = 64A5150F29E2DEE900AFE3AE /* Library Artifact.swift */; };
		64A5151229E2DEFD00AFE3AE /* Partial Asset Index.swift in Sources */ = {isa = PBXBuildFile; fileRef = 64A5151129E2DEFD00AFE3AE /* Partial Asset Index.swift */; };
		64A5151629E2DF2300AFE3AE /* Instance Logo.swift in Sources */ = {isa = PBXBuildFile; fileRef = 64A5151529E2DF2300AFE3AE /* Instance Logo.swift */; };
		64A5151829E2DF3300AFE3AE /* File Type.swift in Sources */ = {isa = PBXBuildFile; fileRef = 64A5151729E2DF3300AFE3AE /* File Type.swift */; };
		64A5151A29E2DF6500AFE3AE /* Published + Coding.swift in Sources */ = {isa = PBXBuildFile; fileRef = 64A5151929E2DF6500AFE3AE /* Published + Coding.swift */; };
		64A5151C29E2DFAD00AFE3AE /* Instance + Storage.swift in Sources */ = {isa = PBXBuildFile; fileRef = 64A5151B29E2DFAD00AFE3AE /* Instance + Storage.swift */; };
		64A5151E29E2DFE000AFE3AE /* Instance + Prelaunch.swift in Sources */ = {isa = PBXBuildFile; fileRef = 64A5151D29E2DFE000AFE3AE /* Instance + Prelaunch.swift */; };
		64A5152029E2E6A300AFE3AE /* Instance Data.swift in Sources */ = {isa = PBXBuildFile; fileRef = 64A5151F29E2E6A300AFE3AE /* Instance Data.swift */; };
		64A62C8D2977B454007A9597 /* Symbol Logo Picker View.swift in Sources */ = {isa = PBXBuildFile; fileRef = 64A62C8C2977B454007A9597 /* Symbol Logo Picker View.swift */; };
		64B01AE52940961F00B3E670 /* Instance Runtime View.swift in Sources */ = {isa = PBXBuildFile; fileRef = 64B01AE42940961F00B3E670 /* Instance Runtime View.swift */; };
		64BACB952A1C6EE500F7AA1C /* Http.swift in Sources */ = {isa = PBXBuildFile; fileRef = 64BACB942A1C6EE500F7AA1C /* Http.swift */; };
		64BACB972A1C6EF700F7AA1C /* Http Method.swift in Sources */ = {isa = PBXBuildFile; fileRef = 64BACB962A1C6EF700F7AA1C /* Http Method.swift */; };
		64BACB9A2A1C9F3000F7AA1C /* Fabric Loader Version.swift in Sources */ = {isa = PBXBuildFile; fileRef = 64BACB992A1C9F3000F7AA1C /* Fabric Loader Version.swift */; };
		64BACB9C2A1C9F5D00F7AA1C /* Fabric Meta.swift in Sources */ = {isa = PBXBuildFile; fileRef = 64BACB9B2A1C9F5D00F7AA1C /* Fabric Meta.swift */; };
		64C09B6C2A1212CF00867038 /* Instance Duplication Sheet.swift in Sources */ = {isa = PBXBuildFile; fileRef = 64C09B6B2A1212CF00867038 /* Instance Duplication Sheet.swift */; };
		64C09B702A12145900867038 /* Instance Delete Sheet.swift in Sources */ = {isa = PBXBuildFile; fileRef = 64C09B6F2A12145900867038 /* Instance Delete Sheet.swift */; };
		64C334D92922523600BB8570 /* Stalin Craft App.swift in Sources */ = {isa = PBXBuildFile; fileRef = 64C334D82922523600BB8570 /* Stalin Craft App.swift */; };
		64C334DB2922523600BB8570 /* Content View.swift in Sources */ = {isa = PBXBuildFile; fileRef = 64C334DA2922523600BB8570 /* Content View.swift */; };
		64C334DD2922523F00BB8570 /* Assets.xcassets in Resources */ = {isa = PBXBuildFile; fileRef = 64C334DC2922523F00BB8570 /* Assets.xcassets */; };
		64C33505292252B500BB8570 /* Preferences View.swift in Sources */ = {isa = PBXBuildFile; fileRef = 64C33504292252B500BB8570 /* Preferences View.swift */; };
		64C33507292256C500BB8570 /* Todo View.swift in Sources */ = {isa = PBXBuildFile; fileRef = 64C33506292256C500BB8570 /* Todo View.swift */; };
		64C33509292272F600BB8570 /* .gitignore in Resources */ = {isa = PBXBuildFile; fileRef = 64C33508292272F500BB8570 /* .gitignore */; };
		64C3350C2922B0B500BB8570 /* LICENSE in Resources */ = {isa = PBXBuildFile; fileRef = 64C3350B2922B0B400BB8570 /* LICENSE */; };
		64C41C1429366CAF00014E0F /* Value Keys.swift in Sources */ = {isa = PBXBuildFile; fileRef = 64C41C1329366CAF00014E0F /* Value Keys.swift */; };
		64C5621429C083AA003402F0 /* Instance Process.swift in Sources */ = {isa = PBXBuildFile; fileRef = 64C5621329C083AA003402F0 /* Instance Process.swift */; };
		64CE1092297864A700366372 /* Image Logo Picker View.swift in Sources */ = {isa = PBXBuildFile; fileRef = 64CE1091297864A700366372 /* Image Logo Picker View.swift */; };
		64E1F8C72A0FBB31006D68B6 /* Microsoft Access Token.swift in Sources */ = {isa = PBXBuildFile; fileRef = 64E1F8C62A0FBB31006D68B6 /* Microsoft Access Token.swift */; };
		64E1F8C92A0FBDE7006D68B6 /* Microsoft Auth Error.swift in Sources */ = {isa = PBXBuildFile; fileRef = 64E1F8C82A0FBDE7006D68B6 /* Microsoft Auth Error.swift */; };
		64E459EF2938BBEF00F82A2B /* Instance Commands.swift in Sources */ = {isa = PBXBuildFile; fileRef = 64E459EE2938BBEF00F82A2B /* Instance Commands.swift */; };
		64E459F32938C7AC00F82A2B /* Launcher Data.swift in Sources */ = {isa = PBXBuildFile; fileRef = 64E459F22938C7AC00F82A2B /* Launcher Data.swift */; };
		64F7C5ED297D63D00086ABC1 /* Argument Provider.swift in Sources */ = {isa = PBXBuildFile; fileRef = 64F7C5EC297D63D00086ABC1 /* Argument Provider.swift */; };
		64F7C5F1297D641C0086ABC1 /* Asset Index.swift in Sources */ = {isa = PBXBuildFile; fileRef = 64F7C5F0297D641C0086ABC1 /* Asset Index.swift */; };
		64F7C5F3297D64370086ABC1 /* Task Progress.swift in Sources */ = {isa = PBXBuildFile; fileRef = 64F7C5F2297D64370086ABC1 /* Task Progress.swift */; };
		64F7C5F5297D64490086ABC1 /* File Handler.swift in Sources */ = {isa = PBXBuildFile; fileRef = 64F7C5F4297D64490086ABC1 /* File Handler.swift */; };
		64F7C5F7297D645A0086ABC1 /* Parallel Executor.swift in Sources */ = {isa = PBXBuildFile; fileRef = 64F7C5F6297D645A0086ABC1 /* Parallel Executor.swift */; };
		64F7C5FB297D64810086ABC1 /* Version Manifest.swift in Sources */ = {isa = PBXBuildFile; fileRef = 64F7C5FA297D64810086ABC1 /* Version Manifest.swift */; };
		64F7C5FE297D64A40086ABC1 /* Instance.swift in Sources */ = {isa = PBXBuildFile; fileRef = 64F7C5FD297D64A40086ABC1 /* Instance.swift */; };
		64F7C600297D64B50086ABC1 /* Instance Creator.swift in Sources */ = {isa = PBXBuildFile; fileRef = 64F7C5FF297D64B50086ABC1 /* Instance Creator.swift */; };
		64F7C602297D64CA0086ABC1 /* Instance Preferences.swift in Sources */ = {isa = PBXBuildFile; fileRef = 64F7C601297D64CA0086ABC1 /* Instance Preferences.swift */; };
		64F7C604297D64DD0086ABC1 /* Vanilla Instance Creator.swift in Sources */ = {isa = PBXBuildFile; fileRef = 64F7C603297D64DD0086ABC1 /* Vanilla Instance Creator.swift */; };
		64F7C607297D65080086ABC1 /* Downloaded Java Installation.swift in Sources */ = {isa = PBXBuildFile; fileRef = 64F7C606297D65080086ABC1 /* Downloaded Java Installation.swift */; };
		64F7C60B297D65390086ABC1 /* Linked Java Installation.swift in Sources */ = {isa = PBXBuildFile; fileRef = 64F7C60A297D65390086ABC1 /* Linked Java Installation.swift */; };
		64F7C60D297D654A0086ABC1 /* Jre Downloader.swift in Sources */ = {isa = PBXBuildFile; fileRef = 64F7C60C297D654A0086ABC1 /* Jre Downloader.swift */; };
		64F7C60F297D65620086ABC1 /* Saved Java Installation.swift in Sources */ = {isa = PBXBuildFile; fileRef = 64F7C60E297D65620086ABC1 /* Saved Java Installation.swift */; };
		64F7C612297D658D0086ABC1 /* Runtime Preferences.swift in Sources */ = {isa = PBXBuildFile; fileRef = 64F7C611297D658D0086ABC1 /* Runtime Preferences.swift */; };
		64FA2A922A0F73BD0042A4A7 /* Swifter in Frameworks */ = {isa = PBXBuildFile; productRef = 64FA2A912A0F73BD0042A4A7 /* Swifter */; };
		64FA2A942A0F767F0042A4A7 /* Web View Window.swift in Sources */ = {isa = PBXBuildFile; fileRef = 64FA2A932A0F767E0042A4A7 /* Web View Window.swift */; };
		64FA2A962A0F76FA0042A4A7 /* Microsoft Account View Model.swift in Sources */ = {isa = PBXBuildFile; fileRef = 64FA2A952A0F76FA0042A4A7 /* Microsoft Account View Model.swift */; };
		64FA2A982A0F81D50042A4A7 /* Xbox Live Auth.swift in Sources */ = {isa = PBXBuildFile; fileRef = 64FA2A972A0F81D50042A4A7 /* Xbox Live Auth.swift */; };
		64FC5B292A5805FB009D0050 /* Zip in Frameworks */ = {isa = PBXBuildFile; productRef = 64FC5B282A5805FB009D0050 /* Zip */; };
		64FE2D40293BA78B007414CB /* Instance Console View.swift in Sources */ = {isa = PBXBuildFile; fileRef = 64FE2D3F293BA78B007414CB /* Instance Console View.swift */; };
		F3124D182BCFE00900CBE9F7 /* Error Tracker Window Controller.swift in Sources */ = {isa = PBXBuildFile; fileRef = F3124D172BCFE00900CBE9F7 /* Error Tracker Window Controller.swift */; };
		F33678152BC74CC40083E21C /* Unzip.swift in Sources */ = {isa = PBXBuildFile; fileRef = F33678142BC74CC40083E21C /* Unzip.swift */; };
		F33678172BC753F20083E21C /* Fabric Mod.swift in Sources */ = {isa = PBXBuildFile; fileRef = F33678162BC753F20083E21C /* Fabric Mod.swift */; };
		F336781D2BC759AA0083E21C /* Argument Tests.swift in Sources */ = {isa = PBXBuildFile; fileRef = F33678182BC759AA0083E21C /* Argument Tests.swift */; };
		F336781E2BC759AA0083E21C /* Download Tests.swift in Sources */ = {isa = PBXBuildFile; fileRef = F33678192BC759AA0083E21C /* Download Tests.swift */; };
		F336781F2BC759AA0083E21C /* Instance Tests.swift in Sources */ = {isa = PBXBuildFile; fileRef = F336781A2BC759AA0083E21C /* Instance Tests.swift */; };
		F33678212BC75AB60083E21C /* Java Tests.swift in Sources */ = {isa = PBXBuildFile; fileRef = F336781B2BC759AA0083E21C /* Java Tests.swift */; };
		F337D6272BBEEA8C004B52C5 /* ScrechKit in Frameworks */ = {isa = PBXBuildFile; productRef = F337D6262BBEEA8C004B52C5 /* ScrechKit */; };
		F337D6292BBF1961004B52C5 /* Localizable.xcstrings in Resources */ = {isa = PBXBuildFile; fileRef = F337D6282BBF1961004B52C5 /* Localizable.xcstrings */; };
		F388DED72BC8125C002E7616 /* Size of directory.swift in Sources */ = {isa = PBXBuildFile; fileRef = F388DED62BC8125C002E7616 /* Size of directory.swift */; };
		F388DEDA2BC82DA4002E7616 /* Handle Drop.swift in Sources */ = {isa = PBXBuildFile; fileRef = F388DED92BC82DA4002E7616 /* Handle Drop.swift */; };
		F388DEDE2BC844FB002E7616 /* World Card.swift in Sources */ = {isa = PBXBuildFile; fileRef = F388DEDD2BC844FB002E7616 /* World Card.swift */; };
		F388DEE02BC8465E002E7616 /* Get Fabric Versions.swift in Sources */ = {isa = PBXBuildFile; fileRef = F388DEDF2BC8465E002E7616 /* Get Fabric Versions.swift */; };
		F388DEE22BC84DCB002E7616 /* Mod Tools List.swift in Sources */ = {isa = PBXBuildFile; fileRef = F388DEE12BC84DCB002E7616 /* Mod Tools List.swift */; };
		F3CF21F82BBF4D3D00AB74DC /* PrivacyInfo.xcprivacy in Resources */ = {isa = PBXBuildFile; fileRef = F3CF21F72BBF4D3D00AB74DC /* PrivacyInfo.xcprivacy */; };
		F3EEB60E2BC923D1006E6CF0 /* Server List.swift in Sources */ = {isa = PBXBuildFile; fileRef = F3EEB60D2BC923D1006E6CF0 /* Server List.swift */; };
		F3EEB6112BC93414006E6CF0 /* Settings Tab.swift in Sources */ = {isa = PBXBuildFile; fileRef = F3EEB6102BC93414006E6CF0 /* Settings Tab.swift */; };
/* End PBXBuildFile section */

/* Begin PBXContainerItemProxy section */
		649C8DD6297D5ABE000352F2 /* PBXContainerItemProxy */ = {
			isa = PBXContainerItemProxy;
			containerPortal = 64C334CD2922523500BB8570 /* Project object */;
			proxyType = 1;
			remoteGlobalIDString = 64C334D42922523600BB8570;
			remoteInfo = InnateMC;
		};
/* End PBXContainerItemProxy section */

/* Begin PBXFileReference section */
		6407E6372A2791F100BB9AEA /* Imgur Sharing Service Delegate.swift */ = {isa = PBXFileReference; lastKnownFileType = sourcecode.swift; path = "Imgur Sharing Service Delegate.swift"; sourceTree = "<group>"; };
		6407E6392A285B6B00BB9AEA /* Screenshot Share Button.swift */ = {isa = PBXFileReference; lastKnownFileType = sourcecode.swift; path = "Screenshot Share Button.swift"; sourceTree = "<group>"; };
		640A758C2A208BE3005CDE49 /* Mod.swift */ = {isa = PBXFileReference; lastKnownFileType = sourcecode.swift; path = Mod.swift; sourceTree = "<group>"; };
		640A758E2A20E969005CDE49 /* Mod List.swift */ = {isa = PBXFileReference; lastKnownFileType = sourcecode.swift; path = "Mod List.swift"; sourceTree = "<group>"; };
		640A75902A2115BA005CDE49 /* Run Once.swift */ = {isa = PBXFileReference; lastKnownFileType = sourcecode.swift; path = "Run Once.swift"; sourceTree = "<group>"; };
		640A75932A21CEFD005CDE49 /* Screenshot.swift */ = {isa = PBXFileReference; lastKnownFileType = sourcecode.swift; path = Screenshot.swift; sourceTree = "<group>"; };
		640A75952A21D021005CDE49 /* Screenshot List.swift */ = {isa = PBXFileReference; lastKnownFileType = sourcecode.swift; path = "Screenshot List.swift"; sourceTree = "<group>"; };
		640A75B82A226F2C005CDE49 /* World List.swift */ = {isa = PBXFileReference; lastKnownFileType = sourcecode.swift; path = "World List.swift"; sourceTree = "<group>"; };
		640A75BB2A226F80005CDE49 /* World.swift */ = {isa = PBXFileReference; lastKnownFileType = sourcecode.swift; path = World.swift; sourceTree = "<group>"; };
		640CCF542A09F0FA0080F574 /* Settings Fetch.swift */ = {isa = PBXFileReference; lastKnownFileType = sourcecode.swift; path = "Settings Fetch.swift"; sourceTree = "<group>"; };
		640DC1EC2934EC2300943213 /* App Delegate.swift */ = {isa = PBXFileReference; lastKnownFileType = sourcecode.swift; path = "App Delegate.swift"; sourceTree = "<group>"; };
		640DC1F02934F14200943213 /* New Instance View.swift */ = {isa = PBXFileReference; lastKnownFileType = sourcecode.swift; path = "New Instance View.swift"; sourceTree = "<group>"; };
		64148DD9296E80E400E5EAD3 /* Global Preferences.swift */ = {isa = PBXFileReference; lastKnownFileType = sourcecode.swift; path = "Global Preferences.swift"; sourceTree = "<group>"; };
		641678502923B6D40012C9CC /* Runtime Preferences View.swift */ = {isa = PBXFileReference; lastKnownFileType = sourcecode.swift; path = "Runtime Preferences View.swift"; sourceTree = "<group>"; };
		641678522923B6F90012C9CC /* Accounts Preferences View.swift */ = {isa = PBXFileReference; lastKnownFileType = sourcecode.swift; path = "Accounts Preferences View.swift"; sourceTree = "<group>"; };
		64337EE82A17A4EF0017BCB0 /* Rule.swift */ = {isa = PBXFileReference; lastKnownFileType = sourcecode.swift; path = Rule.swift; sourceTree = "<group>"; };
		64337EEA2A17A62A0017BCB0 /* Conditional Argument.swift */ = {isa = PBXFileReference; lastKnownFileType = sourcecode.swift; path = "Conditional Argument.swift"; sourceTree = "<group>"; };
		64337EEC2A17A6AA0017BCB0 /* Argument Element.swift */ = {isa = PBXFileReference; lastKnownFileType = sourcecode.swift; path = "Argument Element.swift"; sourceTree = "<group>"; };
		64337EEE2A17A80B0017BCB0 /* Arguments.swift */ = {isa = PBXFileReference; lastKnownFileType = sourcecode.swift; path = Arguments.swift; sourceTree = "<group>"; };
		64337EF02A17C9AD0017BCB0 /* Version.swift */ = {isa = PBXFileReference; lastKnownFileType = sourcecode.swift; path = Version.swift; sourceTree = "<group>"; };
		64337EF22A17CA040017BCB0 /* Artifact.swift */ = {isa = PBXFileReference; lastKnownFileType = sourcecode.swift; path = Artifact.swift; sourceTree = "<group>"; };
		64337EF42A17CA6C0017BCB0 /* Main Downloads.swift */ = {isa = PBXFileReference; lastKnownFileType = sourcecode.swift; path = "Main Downloads.swift"; sourceTree = "<group>"; };
		64337EF62A17CADB0017BCB0 /* Preferred Java Version.swift */ = {isa = PBXFileReference; lastKnownFileType = sourcecode.swift; path = "Preferred Java Version.swift"; sourceTree = "<group>"; };
		64337EFA2A17D6690017BCB0 /* Library.swift */ = {isa = PBXFileReference; lastKnownFileType = sourcecode.swift; path = Library.swift; sourceTree = "<group>"; };
		64337EFC2A17DB620017BCB0 /* Logging Config.swift */ = {isa = PBXFileReference; lastKnownFileType = sourcecode.swift; path = "Logging Config.swift"; sourceTree = "<group>"; };
		643E454B2A1291CC00687839 /* Launch Error.swift */ = {isa = PBXFileReference; lastKnownFileType = sourcecode.swift; path = "Launch Error.swift"; sourceTree = "<group>"; };
		643E454D2A13300900687839 /* Instance Logo Picker Sheet.swift */ = {isa = PBXFileReference; lastKnownFileType = sourcecode.swift; path = "Instance Logo Picker Sheet.swift"; sourceTree = "<group>"; };
		643E454F2A13308700687839 /* Instance Interative Logo View.swift */ = {isa = PBXFileReference; lastKnownFileType = sourcecode.swift; path = "Instance Interative Logo View.swift"; sourceTree = "<group>"; };
		643E45512A1330F600687839 /* Instance Choose Account Sheet.swift */ = {isa = PBXFileReference; lastKnownFileType = sourcecode.swift; path = "Instance Choose Account Sheet.swift"; sourceTree = "<group>"; };
		643E45532A13314E00687839 /* Launch Error Sheet.swift */ = {isa = PBXFileReference; lastKnownFileType = sourcecode.swift; path = "Launch Error Sheet.swift"; sourceTree = "<group>"; };
		643E45552A1331B700687839 /* Interactive Star View.swift */ = {isa = PBXFileReference; lastKnownFileType = sourcecode.swift; path = "Interactive Star View.swift"; sourceTree = "<group>"; };
		643E45572A13327900687839 /* Instance Notes View.swift */ = {isa = PBXFileReference; lastKnownFileType = sourcecode.swift; path = "Instance Notes View.swift"; sourceTree = "<group>"; };
		643E45592A1332BE00687839 /* Instance Synopsis View.swift */ = {isa = PBXFileReference; lastKnownFileType = sourcecode.swift; path = "Instance Synopsis View.swift"; sourceTree = "<group>"; };
		643E455B2A13331100687839 /* Instance Title View.swift */ = {isa = PBXFileReference; lastKnownFileType = sourcecode.swift; path = "Instance Title View.swift"; sourceTree = "<group>"; };
		643E45622A133A3F00687839 /* Instance Specific Commands.swift */ = {isa = PBXFileReference; lastKnownFileType = sourcecode.swift; path = "Instance Specific Commands.swift"; sourceTree = "<group>"; };
		643E45652A13A60F00687839 /* Misc Preferences View.swift */ = {isa = PBXFileReference; lastKnownFileType = sourcecode.swift; path = "Misc Preferences View.swift"; sourceTree = "<group>"; };
		643E45672A13A9A800687839 /* Developer Mode Commands.swift */ = {isa = PBXFileReference; lastKnownFileType = sourcecode.swift; path = "Developer Mode Commands.swift"; sourceTree = "<group>"; };
		644DE1D32937C93600C4A03E /* Instance View.swift */ = {isa = PBXFileReference; lastKnownFileType = sourcecode.swift; path = "Instance View.swift"; sourceTree = "<group>"; };
		644FC66D29375852003797D9 /* Instance Navigation Link.swift */ = {isa = PBXFileReference; lastKnownFileType = sourcecode.swift; path = "Instance Navigation Link.swift"; sourceTree = "<group>"; };
		644FC6712937B243003797D9 /* Ui Preferences View.swift */ = {isa = PBXFileReference; lastKnownFileType = sourcecode.swift; path = "Ui Preferences View.swift"; sourceTree = "<group>"; };
		6459E124297700D5006DB3A4 /* Instance Logo View.swift */ = {isa = PBXFileReference; lastKnownFileType = sourcecode.swift; path = "Instance Logo View.swift"; sourceTree = "<group>"; };
		645AFA94292C9E1500CD3F7E /* HEADER */ = {isa = PBXFileReference; lastKnownFileType = text; path = HEADER; sourceTree = "<group>"; };
		646139DF2977E3A700BA9477 /* Symbol Picker.swift */ = {isa = PBXFileReference; lastKnownFileType = sourcecode.swift; path = "Symbol Picker.swift"; sourceTree = "<group>"; };
		646139E12977E88700BA9477 /* SF Symbols 12 List.swift */ = {isa = PBXFileReference; lastKnownFileType = sourcecode.swift; path = "SF Symbols 12 List.swift"; sourceTree = "<group>"; };
		646139E32977E95300BA9477 /* SF Symbols 13 List.swift */ = {isa = PBXFileReference; lastKnownFileType = sourcecode.swift; path = "SF Symbols 13 List.swift"; sourceTree = "<group>"; };
		646139E52977EA0300BA9477 /* SF Symbols List.swift */ = {isa = PBXFileReference; lastKnownFileType = sourcecode.swift; path = "SF Symbols List.swift"; sourceTree = "<group>"; };
		6472E46F29E2BF5F00B4C65B /* Parallel Downloader.swift */ = {isa = PBXFileReference; lastKnownFileType = sourcecode.swift; path = "Parallel Downloader.swift"; sourceTree = "<group>"; };
		6472E47129E2C35200B4C65B /* Download Task.swift */ = {isa = PBXFileReference; lastKnownFileType = sourcecode.swift; path = "Download Task.swift"; sourceTree = "<group>"; };
		6474DC1B2A150D35001FCD4D /* Error Tracker.swift */ = {isa = PBXFileReference; lastKnownFileType = sourcecode.swift; path = "Error Tracker.swift"; sourceTree = "<group>"; };
		6474DC1D2A150D63001FCD4D /* Error Tracker Entry.swift */ = {isa = PBXFileReference; lastKnownFileType = sourcecode.swift; path = "Error Tracker Entry.swift"; sourceTree = "<group>"; };
		6474DC1F2A150D77001FCD4D /* Tracked Error Type.swift */ = {isa = PBXFileReference; lastKnownFileType = sourcecode.swift; path = "Tracked Error Type.swift"; sourceTree = "<group>"; };
		6474DC232A15F952001FCD4D /* Error Tracker View.swift */ = {isa = PBXFileReference; lastKnownFileType = sourcecode.swift; path = "Error Tracker View.swift"; sourceTree = "<group>"; };
		647A796929E8166600497CE1 /* Console Text View.swift */ = {isa = PBXFileReference; lastKnownFileType = sourcecode.swift; path = "Console Text View.swift"; sourceTree = "<group>"; };
		64821E0929E44B78006012F7 /* Minecraft Account.swift */ = {isa = PBXFileReference; lastKnownFileType = sourcecode.swift; path = "Minecraft Account.swift"; sourceTree = "<group>"; };
		64821E0B29E44C13006012F7 /* Offline Account.swift */ = {isa = PBXFileReference; lastKnownFileType = sourcecode.swift; path = "Offline Account.swift"; sourceTree = "<group>"; };
		64821E0D29E459FA006012F7 /* Account Manager.swift */ = {isa = PBXFileReference; lastKnownFileType = sourcecode.swift; path = "Account Manager.swift"; sourceTree = "<group>"; };
		648445762A10C25D00049986 /* Account Manager + Auth.swift */ = {isa = PBXFileReference; lastKnownFileType = sourcecode.swift; path = "Account Manager + Auth.swift"; sourceTree = "<group>"; };
		6484457B2A10D03200049986 /* Xbox Auth Response.swift */ = {isa = PBXFileReference; lastKnownFileType = sourcecode.swift; path = "Xbox Auth Response.swift"; sourceTree = "<group>"; };
		6484457D2A10D12400049986 /* Xsts Auth.swift */ = {isa = PBXFileReference; lastKnownFileType = sourcecode.swift; path = "Xsts Auth.swift"; sourceTree = "<group>"; };
		6484457F2A10D44A00049986 /* Minecraft Token Response.swift */ = {isa = PBXFileReference; lastKnownFileType = sourcecode.swift; path = "Minecraft Token Response.swift"; sourceTree = "<group>"; };
		648445812A10D4FD00049986 /* Minecraft Auth.swift */ = {isa = PBXFileReference; lastKnownFileType = sourcecode.swift; path = "Minecraft Auth.swift"; sourceTree = "<group>"; };
		648445832A10D69F00049986 /* Dictionary + Encoding.swift */ = {isa = PBXFileReference; lastKnownFileType = sourcecode.swift; path = "Dictionary + Encoding.swift"; sourceTree = "<group>"; };
		648445852A10D6B100049986 /* Character Set + Encoding Validation.swift */ = {isa = PBXFileReference; lastKnownFileType = sourcecode.swift; path = "Character Set + Encoding Validation.swift"; sourceTree = "<group>"; };
		648445872A10DE9200049986 /* Minecraft Profile.swift */ = {isa = PBXFileReference; lastKnownFileType = sourcecode.swift; path = "Minecraft Profile.swift"; sourceTree = "<group>"; };
		648445892A10F69600049986 /* Account Manager + Storage.swift */ = {isa = PBXFileReference; lastKnownFileType = sourcecode.swift; path = "Account Manager + Storage.swift"; sourceTree = "<group>"; };
		6484458B2A10F6BC00049986 /* Account Manager + Server.swift */ = {isa = PBXFileReference; lastKnownFileType = sourcecode.swift; path = "Account Manager + Server.swift"; sourceTree = "<group>"; };
		648C831529DBDD6A00007603 /* libzip.5.5.dylib */ = {isa = PBXFileReference; lastKnownFileType = "compiled.mach-o.dylib"; name = libzip.5.5.dylib; path = ../../../../../usr/local/lib/libzip.5.5.dylib; sourceTree = "<group>"; };
		648C831E29DBEE9900007603 /* libzip.5.5.dylib */ = {isa = PBXFileReference; lastKnownFileType = "compiled.mach-o.dylib"; name = libzip.5.5.dylib; path = ../../../Desktop/libzip.5.5.dylib; sourceTree = "<group>"; };
		648EDF502A1881CE00E40B03 /* Partial Version.swift */ = {isa = PBXFileReference; lastKnownFileType = sourcecode.swift; path = "Partial Version.swift"; sourceTree = "<group>"; };
		649620CF2A124EA500733AB6 /* Instance Export Sheet.swift */ = {isa = PBXFileReference; lastKnownFileType = sourcecode.swift; path = "Instance Export Sheet.swift"; sourceTree = "<group>"; };
		6497595B29F056FF00D0194E /* Add Offline Account View.swift */ = {isa = PBXFileReference; lastKnownFileType = sourcecode.swift; path = "Add Offline Account View.swift"; sourceTree = "<group>"; };
		6497595D29F25AD000D0194E /* Instance Editing VM.swift */ = {isa = PBXFileReference; lastKnownFileType = sourcecode.swift; path = "Instance Editing VM.swift"; sourceTree = "<group>"; };
		649762BF2935A46E00977467 /* New Vanilla Instance View.swift */ = {isa = PBXFileReference; lastKnownFileType = sourcecode.swift; path = "New Vanilla Instance View.swift"; sourceTree = "<group>"; };
		649C8DD2297D5ABE000352F2 /* Stalin Craft Tests.xctest */ = {isa = PBXFileReference; explicitFileType = wrapper.cfbundle; includeInIndex = 0; path = "Stalin Craft Tests.xctest"; sourceTree = BUILT_PRODUCTS_DIR; };
		649EA76629EC27F300BD77EA /* UI Preferences.swift */ = {isa = PBXFileReference; lastKnownFileType = sourcecode.swift; path = "UI Preferences.swift"; sourceTree = "<group>"; };
		64A1139D2A110ACC00E48761 /* Microsoft Account.swift */ = {isa = PBXFileReference; lastKnownFileType = sourcecode.swift; path = "Microsoft Account.swift"; sourceTree = "<group>"; };
		64A1139F2A110D2500E48761 /* Minecraft Account Type.swift */ = {isa = PBXFileReference; lastKnownFileType = sourcecode.swift; path = "Minecraft Account Type.swift"; sourceTree = "<group>"; };
		64A5150D29E2DED100AFE3AE /* Minecraft Jar.swift */ = {isa = PBXFileReference; lastKnownFileType = sourcecode.swift; path = "Minecraft Jar.swift"; sourceTree = "<group>"; };
		64A5150F29E2DEE900AFE3AE /* Library Artifact.swift */ = {isa = PBXFileReference; lastKnownFileType = sourcecode.swift; path = "Library Artifact.swift"; sourceTree = "<group>"; };
		64A5151129E2DEFD00AFE3AE /* Partial Asset Index.swift */ = {isa = PBXFileReference; lastKnownFileType = sourcecode.swift; path = "Partial Asset Index.swift"; sourceTree = "<group>"; };
		64A5151529E2DF2300AFE3AE /* Instance Logo.swift */ = {isa = PBXFileReference; lastKnownFileType = sourcecode.swift; path = "Instance Logo.swift"; sourceTree = "<group>"; };
		64A5151729E2DF3300AFE3AE /* File Type.swift */ = {isa = PBXFileReference; lastKnownFileType = sourcecode.swift; path = "File Type.swift"; sourceTree = "<group>"; };
		64A5151929E2DF6500AFE3AE /* Published + Coding.swift */ = {isa = PBXFileReference; lastKnownFileType = sourcecode.swift; path = "Published + Coding.swift"; sourceTree = "<group>"; };
		64A5151B29E2DFAD00AFE3AE /* Instance + Storage.swift */ = {isa = PBXFileReference; lastKnownFileType = sourcecode.swift; path = "Instance + Storage.swift"; sourceTree = "<group>"; };
		64A5151D29E2DFE000AFE3AE /* Instance + Prelaunch.swift */ = {isa = PBXFileReference; lastKnownFileType = sourcecode.swift; path = "Instance + Prelaunch.swift"; sourceTree = "<group>"; };
		64A5151F29E2E6A300AFE3AE /* Instance Data.swift */ = {isa = PBXFileReference; lastKnownFileType = sourcecode.swift; path = "Instance Data.swift"; sourceTree = "<group>"; };
		64A62C8C2977B454007A9597 /* Symbol Logo Picker View.swift */ = {isa = PBXFileReference; lastKnownFileType = sourcecode.swift; path = "Symbol Logo Picker View.swift"; sourceTree = "<group>"; };
		64B01AE42940961F00B3E670 /* Instance Runtime View.swift */ = {isa = PBXFileReference; lastKnownFileType = sourcecode.swift; path = "Instance Runtime View.swift"; sourceTree = "<group>"; };
		64BACB942A1C6EE500F7AA1C /* Http.swift */ = {isa = PBXFileReference; lastKnownFileType = sourcecode.swift; path = Http.swift; sourceTree = "<group>"; };
		64BACB962A1C6EF700F7AA1C /* Http Method.swift */ = {isa = PBXFileReference; lastKnownFileType = sourcecode.swift; path = "Http Method.swift"; sourceTree = "<group>"; };
		64BACB992A1C9F3000F7AA1C /* Fabric Loader Version.swift */ = {isa = PBXFileReference; lastKnownFileType = sourcecode.swift; path = "Fabric Loader Version.swift"; sourceTree = "<group>"; };
		64BACB9B2A1C9F5D00F7AA1C /* Fabric Meta.swift */ = {isa = PBXFileReference; lastKnownFileType = sourcecode.swift; path = "Fabric Meta.swift"; sourceTree = "<group>"; };
		64C09B6B2A1212CF00867038 /* Instance Duplication Sheet.swift */ = {isa = PBXFileReference; lastKnownFileType = sourcecode.swift; path = "Instance Duplication Sheet.swift"; sourceTree = "<group>"; };
		64C09B6F2A12145900867038 /* Instance Delete Sheet.swift */ = {isa = PBXFileReference; lastKnownFileType = sourcecode.swift; path = "Instance Delete Sheet.swift"; sourceTree = "<group>"; };
		64C334D52922523600BB8570 /* Stalin Craft.app */ = {isa = PBXFileReference; explicitFileType = wrapper.application; includeInIndex = 0; path = "Stalin Craft.app"; sourceTree = BUILT_PRODUCTS_DIR; };
		64C334D82922523600BB8570 /* Stalin Craft App.swift */ = {isa = PBXFileReference; lastKnownFileType = sourcecode.swift; path = "Stalin Craft App.swift"; sourceTree = "<group>"; };
		64C334DA2922523600BB8570 /* Content View.swift */ = {isa = PBXFileReference; lastKnownFileType = sourcecode.swift; path = "Content View.swift"; sourceTree = "<group>"; };
		64C334DC2922523F00BB8570 /* Assets.xcassets */ = {isa = PBXFileReference; lastKnownFileType = folder.assetcatalog; path = Assets.xcassets; sourceTree = "<group>"; };
		64C334E12922523F00BB8570 /* Stalin Craft.entitlements */ = {isa = PBXFileReference; lastKnownFileType = text.plist.entitlements; path = "Stalin Craft.entitlements"; sourceTree = "<group>"; };
		64C33504292252B500BB8570 /* Preferences View.swift */ = {isa = PBXFileReference; lastKnownFileType = sourcecode.swift; path = "Preferences View.swift"; sourceTree = "<group>"; };
		64C33506292256C500BB8570 /* Todo View.swift */ = {isa = PBXFileReference; lastKnownFileType = sourcecode.swift; path = "Todo View.swift"; sourceTree = "<group>"; };
		64C33508292272F500BB8570 /* .gitignore */ = {isa = PBXFileReference; lastKnownFileType = text; path = .gitignore; sourceTree = "<group>"; };
		64C3350A2922734400BB8570 /* README.md */ = {isa = PBXFileReference; lastKnownFileType = net.daringfireball.markdown; path = README.md; sourceTree = "<group>"; };
		64C3350B2922B0B400BB8570 /* LICENSE */ = {isa = PBXFileReference; fileEncoding = 4; lastKnownFileType = text; path = LICENSE; sourceTree = "<group>"; };
		64C41C1329366CAF00014E0F /* Value Keys.swift */ = {isa = PBXFileReference; lastKnownFileType = sourcecode.swift; path = "Value Keys.swift"; sourceTree = "<group>"; };
		64C5621329C083AA003402F0 /* Instance Process.swift */ = {isa = PBXFileReference; lastKnownFileType = sourcecode.swift; path = "Instance Process.swift"; sourceTree = "<group>"; };
		64CE1091297864A700366372 /* Image Logo Picker View.swift */ = {isa = PBXFileReference; lastKnownFileType = sourcecode.swift; path = "Image Logo Picker View.swift"; sourceTree = "<group>"; };
		64E1F8C62A0FBB31006D68B6 /* Microsoft Access Token.swift */ = {isa = PBXFileReference; lastKnownFileType = sourcecode.swift; path = "Microsoft Access Token.swift"; sourceTree = "<group>"; };
		64E1F8C82A0FBDE7006D68B6 /* Microsoft Auth Error.swift */ = {isa = PBXFileReference; lastKnownFileType = sourcecode.swift; path = "Microsoft Auth Error.swift"; sourceTree = "<group>"; };
		64E459EE2938BBEF00F82A2B /* Instance Commands.swift */ = {isa = PBXFileReference; lastKnownFileType = sourcecode.swift; path = "Instance Commands.swift"; sourceTree = "<group>"; };
		64E459F22938C7AC00F82A2B /* Launcher Data.swift */ = {isa = PBXFileReference; lastKnownFileType = sourcecode.swift; path = "Launcher Data.swift"; sourceTree = "<group>"; };
		64F7C5EC297D63D00086ABC1 /* Argument Provider.swift */ = {isa = PBXFileReference; lastKnownFileType = sourcecode.swift; path = "Argument Provider.swift"; sourceTree = "<group>"; };
		64F7C5F0297D641C0086ABC1 /* Asset Index.swift */ = {isa = PBXFileReference; lastKnownFileType = sourcecode.swift; path = "Asset Index.swift"; sourceTree = "<group>"; };
		64F7C5F2297D64370086ABC1 /* Task Progress.swift */ = {isa = PBXFileReference; lastKnownFileType = sourcecode.swift; path = "Task Progress.swift"; sourceTree = "<group>"; };
		64F7C5F4297D64490086ABC1 /* File Handler.swift */ = {isa = PBXFileReference; lastKnownFileType = sourcecode.swift; path = "File Handler.swift"; sourceTree = "<group>"; };
		64F7C5F6297D645A0086ABC1 /* Parallel Executor.swift */ = {isa = PBXFileReference; lastKnownFileType = sourcecode.swift; path = "Parallel Executor.swift"; sourceTree = "<group>"; };
		64F7C5FA297D64810086ABC1 /* Version Manifest.swift */ = {isa = PBXFileReference; lastKnownFileType = sourcecode.swift; path = "Version Manifest.swift"; sourceTree = "<group>"; };
		64F7C5FD297D64A40086ABC1 /* Instance.swift */ = {isa = PBXFileReference; lastKnownFileType = sourcecode.swift; path = Instance.swift; sourceTree = "<group>"; };
		64F7C5FF297D64B50086ABC1 /* Instance Creator.swift */ = {isa = PBXFileReference; lastKnownFileType = sourcecode.swift; path = "Instance Creator.swift"; sourceTree = "<group>"; };
		64F7C601297D64CA0086ABC1 /* Instance Preferences.swift */ = {isa = PBXFileReference; lastKnownFileType = sourcecode.swift; path = "Instance Preferences.swift"; sourceTree = "<group>"; };
		64F7C603297D64DD0086ABC1 /* Vanilla Instance Creator.swift */ = {isa = PBXFileReference; lastKnownFileType = sourcecode.swift; path = "Vanilla Instance Creator.swift"; sourceTree = "<group>"; };
		64F7C606297D65080086ABC1 /* Downloaded Java Installation.swift */ = {isa = PBXFileReference; lastKnownFileType = sourcecode.swift; path = "Downloaded Java Installation.swift"; sourceTree = "<group>"; };
		64F7C60A297D65390086ABC1 /* Linked Java Installation.swift */ = {isa = PBXFileReference; lastKnownFileType = sourcecode.swift; path = "Linked Java Installation.swift"; sourceTree = "<group>"; };
		64F7C60C297D654A0086ABC1 /* Jre Downloader.swift */ = {isa = PBXFileReference; lastKnownFileType = sourcecode.swift; path = "Jre Downloader.swift"; sourceTree = "<group>"; };
		64F7C60E297D65620086ABC1 /* Saved Java Installation.swift */ = {isa = PBXFileReference; lastKnownFileType = sourcecode.swift; path = "Saved Java Installation.swift"; sourceTree = "<group>"; };
		64F7C611297D658D0086ABC1 /* Runtime Preferences.swift */ = {isa = PBXFileReference; lastKnownFileType = sourcecode.swift; path = "Runtime Preferences.swift"; sourceTree = "<group>"; };
		64FA2A932A0F767E0042A4A7 /* Web View Window.swift */ = {isa = PBXFileReference; lastKnownFileType = sourcecode.swift; path = "Web View Window.swift"; sourceTree = "<group>"; };
		64FA2A952A0F76FA0042A4A7 /* Microsoft Account View Model.swift */ = {isa = PBXFileReference; lastKnownFileType = sourcecode.swift; path = "Microsoft Account View Model.swift"; sourceTree = "<group>"; };
		64FA2A972A0F81D50042A4A7 /* Xbox Live Auth.swift */ = {isa = PBXFileReference; lastKnownFileType = sourcecode.swift; path = "Xbox Live Auth.swift"; sourceTree = "<group>"; };
		64FE2D3F293BA78B007414CB /* Instance Console View.swift */ = {isa = PBXFileReference; lastKnownFileType = sourcecode.swift; path = "Instance Console View.swift"; sourceTree = "<group>"; };
		F3124D172BCFE00900CBE9F7 /* Error Tracker Window Controller.swift */ = {isa = PBXFileReference; fileEncoding = 4; lastKnownFileType = sourcecode.swift; path = "Error Tracker Window Controller.swift"; sourceTree = "<group>"; };
		F33678142BC74CC40083E21C /* Unzip.swift */ = {isa = PBXFileReference; lastKnownFileType = sourcecode.swift; path = Unzip.swift; sourceTree = "<group>"; };
		F33678162BC753F20083E21C /* Fabric Mod.swift */ = {isa = PBXFileReference; lastKnownFileType = sourcecode.swift; path = "Fabric Mod.swift"; sourceTree = "<group>"; };
		F33678182BC759AA0083E21C /* Argument Tests.swift */ = {isa = PBXFileReference; fileEncoding = 4; lastKnownFileType = sourcecode.swift; path = "Argument Tests.swift"; sourceTree = "<group>"; };
		F33678192BC759AA0083E21C /* Download Tests.swift */ = {isa = PBXFileReference; fileEncoding = 4; lastKnownFileType = sourcecode.swift; path = "Download Tests.swift"; sourceTree = "<group>"; };
		F336781A2BC759AA0083E21C /* Instance Tests.swift */ = {isa = PBXFileReference; fileEncoding = 4; lastKnownFileType = sourcecode.swift; path = "Instance Tests.swift"; sourceTree = "<group>"; };
		F336781B2BC759AA0083E21C /* Java Tests.swift */ = {isa = PBXFileReference; fileEncoding = 4; lastKnownFileType = sourcecode.swift; path = "Java Tests.swift"; sourceTree = "<group>"; };
		F337D6282BBF1961004B52C5 /* Localizable.xcstrings */ = {isa = PBXFileReference; lastKnownFileType = text.json.xcstrings; path = Localizable.xcstrings; sourceTree = "<group>"; };
		F388DED62BC8125C002E7616 /* Size of directory.swift */ = {isa = PBXFileReference; lastKnownFileType = sourcecode.swift; path = "Size of directory.swift"; sourceTree = "<group>"; };
		F388DED92BC82DA4002E7616 /* Handle Drop.swift */ = {isa = PBXFileReference; lastKnownFileType = sourcecode.swift; path = "Handle Drop.swift"; sourceTree = "<group>"; };
		F388DEDD2BC844FB002E7616 /* World Card.swift */ = {isa = PBXFileReference; lastKnownFileType = sourcecode.swift; path = "World Card.swift"; sourceTree = "<group>"; };
		F388DEDF2BC8465E002E7616 /* Get Fabric Versions.swift */ = {isa = PBXFileReference; lastKnownFileType = sourcecode.swift; path = "Get Fabric Versions.swift"; sourceTree = "<group>"; };
		F388DEE12BC84DCB002E7616 /* Mod Tools List.swift */ = {isa = PBXFileReference; lastKnownFileType = sourcecode.swift; path = "Mod Tools List.swift"; sourceTree = "<group>"; };
		F3CF21F72BBF4D3D00AB74DC /* PrivacyInfo.xcprivacy */ = {isa = PBXFileReference; lastKnownFileType = text.xml; path = PrivacyInfo.xcprivacy; sourceTree = "<group>"; };
		F3EEB60D2BC923D1006E6CF0 /* Server List.swift */ = {isa = PBXFileReference; lastKnownFileType = sourcecode.swift; path = "Server List.swift"; sourceTree = "<group>"; };
		F3EEB6102BC93414006E6CF0 /* Settings Tab.swift */ = {isa = PBXFileReference; lastKnownFileType = sourcecode.swift; path = "Settings Tab.swift"; sourceTree = "<group>"; };
/* End PBXFileReference section */

/* Begin PBXFrameworksBuildPhase section */
		649C8DCF297D5ABE000352F2 /* Frameworks */ = {
			isa = PBXFrameworksBuildPhase;
			files = (
			);
		};
		64C334D22922523600BB8570 /* Frameworks */ = {
			isa = PBXFrameworksBuildPhase;
			files = (
				64515B732A78DF34000D17A8 /* FileWatcher in Frameworks */,
				F337D6272BBEEA8C004B52C5 /* ScrechKit in Frameworks */,
				64FC5B292A5805FB009D0050 /* Zip in Frameworks */,
				64FA2A922A0F73BD0042A4A7 /* Swifter in Frameworks */,
			);
		};
/* End PBXFrameworksBuildPhase section */

/* Begin PBXGroup section */
		640A758B2A208BA5005CDE49 /* Mods */ = {
			isa = PBXGroup;
			children = (
				640A758C2A208BE3005CDE49 /* Mod.swift */,
				F33678142BC74CC40083E21C /* Unzip.swift */,
				F33678162BC753F20083E21C /* Fabric Mod.swift */,
			);
			path = Mods;
			sourceTree = "<group>";
		};
		640A75922A21CEDB005CDE49 /* Screenshots */ = {
			isa = PBXGroup;
			children = (
				640A75932A21CEFD005CDE49 /* Screenshot.swift */,
			);
			path = Screenshots;
			sourceTree = "<group>";
		};
		640A75B02A2263D5005CDE49 /* Screenshots */ = {
			isa = PBXGroup;
			children = (
				640A75952A21D021005CDE49 /* Screenshot List.swift */,
				6407E6392A285B6B00BB9AEA /* Screenshot Share Button.swift */,
			);
			path = Screenshots;
			sourceTree = "<group>";
		};
		640A75B72A226E76005CDE49 /* Worlds */ = {
			isa = PBXGroup;
			children = (
				640A75B82A226F2C005CDE49 /* World List.swift */,
				F388DEDD2BC844FB002E7616 /* World Card.swift */,
				F388DED62BC8125C002E7616 /* Size of directory.swift */,
			);
			path = Worlds;
			sourceTree = "<group>";
		};
		640A75BA2A226F65005CDE49 /* Worlds */ = {
			isa = PBXGroup;
			children = (
				640A75BB2A226F80005CDE49 /* World.swift */,
			);
			path = Worlds;
			sourceTree = "<group>";
		};
		6416784F2923B6450012C9CC /* Preferences */ = {
			isa = PBXGroup;
			children = (
				64C33504292252B500BB8570 /* Preferences View.swift */,
				F388DEE32BC84DE9002E7616 /* Mod Tools */,
				641678502923B6D40012C9CC /* Runtime Preferences View.swift */,
				6497595A29F056CF00D0194E /* Accounts */,
				644FC6712937B243003797D9 /* Ui Preferences View.swift */,
				643E45652A13A60F00687839 /* Misc Preferences View.swift */,
			);
			path = Preferences;
			sourceTree = "<group>";
		};
		64337EE72A17A4D10017BCB0 /* Version */ = {
			isa = PBXGroup;
			children = (
				64BACB982A1C9F0100F7AA1C /* Fabric */,
				64F7C5F0297D641C0086ABC1 /* Asset Index.swift */,
				64F7C5FA297D64810086ABC1 /* Version Manifest.swift */,
				64A5150F29E2DEE900AFE3AE /* Library Artifact.swift */,
				64A5151129E2DEFD00AFE3AE /* Partial Asset Index.swift */,
				64337EE82A17A4EF0017BCB0 /* Rule.swift */,
				64337EEA2A17A62A0017BCB0 /* Conditional Argument.swift */,
				64337EEC2A17A6AA0017BCB0 /* Argument Element.swift */,
				64337EEE2A17A80B0017BCB0 /* Arguments.swift */,
				64337EF02A17C9AD0017BCB0 /* Version.swift */,
				64337EF22A17CA040017BCB0 /* Artifact.swift */,
				64337EF42A17CA6C0017BCB0 /* Main Downloads.swift */,
				64337EF62A17CADB0017BCB0 /* Preferred Java Version.swift */,
				64337EFA2A17D6690017BCB0 /* Library.swift */,
				64337EFC2A17DB620017BCB0 /* Logging Config.swift */,
				648EDF502A1881CE00E40B03 /* Partial Version.swift */,
			);
			path = Version;
			sourceTree = "<group>";
		};
		643B39FA29274F6100AEC71C /* Frameworks */ = {
			isa = PBXGroup;
			children = (
				648C831E29DBEE9900007603 /* libzip.5.5.dylib */,
				648C831529DBDD6A00007603 /* libzip.5.5.dylib */,
			);
			name = Frameworks;
			sourceTree = "<group>";
		};
		643E455D2A1338CC00687839 /* Description */ = {
			isa = PBXGroup;
			children = (
				6497595D29F25AD000D0194E /* Instance Editing VM.swift */,
				643E45552A1331B700687839 /* Interactive Star View.swift */,
				643E45572A13327900687839 /* Instance Notes View.swift */,
				643E45592A1332BE00687839 /* Instance Synopsis View.swift */,
				643E455B2A13331100687839 /* Instance Title View.swift */,
			);
			name = Description;
			sourceTree = "<group>";
		};
		643E45602A13396D00687839 /* Action */ = {
			isa = PBXGroup;
			children = (
				64C09B6B2A1212CF00867038 /* Instance Duplication Sheet.swift */,
				64C09B6F2A12145900867038 /* Instance Delete Sheet.swift */,
				649620CF2A124EA500733AB6 /* Instance Export Sheet.swift */,
			);
			path = Action;
			sourceTree = "<group>";
		};
		643E45612A1339AD00687839 /* Commands */ = {
			isa = PBXGroup;
			children = (
				64E459EE2938BBEF00F82A2B /* Instance Commands.swift */,
				643E45622A133A3F00687839 /* Instance Specific Commands.swift */,
				643E45672A13A9A800687839 /* Developer Mode Commands.swift */,
			);
			path = Commands;
			sourceTree = "<group>";
		};
		643E45642A1341A900687839 /* Error */ = {
			isa = PBXGroup;
			children = (
				643E45532A13314E00687839 /* Launch Error Sheet.swift */,
				643E45512A1330F600687839 /* Instance Choose Account Sheet.swift */,
			);
			path = Error;
			sourceTree = "<group>";
		};
		644DE1D12937C0D300C4A03E /* Util */ = {
			isa = PBXGroup;
			children = (
				64BACB932A1C692400F7AA1C /* Http */,
				64F7C615297D7EE40086ABC1 /* Symbols */,
				646139DF2977E3A700BA9477 /* Symbol Picker.swift */,
				64C33506292256C500BB8570 /* Todo View.swift */,
				647A796929E8166600497CE1 /* Console Text View.swift */,
				640CCF542A09F0FA0080F574 /* Settings Fetch.swift */,
				64FA2A932A0F767E0042A4A7 /* Web View Window.swift */,
				640A75902A2115BA005CDE49 /* Run Once.swift */,
				6407E6372A2791F100BB9AEA /* Imgur Sharing Service Delegate.swift */,
			);
			path = Util;
			sourceTree = "<group>";
		};
		644DE1D22937C13F00C4A03E /* Instance */ = {
			isa = PBXGroup;
			children = (
				643E45602A13396D00687839 /* Action */,
				643E45612A1339AD00687839 /* Commands */,
				643E455D2A1338CC00687839 /* Description */,
				643E45642A1341A900687839 /* Error */,
				649762BC2935A2D600977467 /* Create */,
				64F7C614297D7E320086ABC1 /* Logo */,
				644FC66D29375852003797D9 /* Instance Navigation Link.swift */,
				644DE1D32937C93600C4A03E /* Instance View.swift */,
				64FE2D3F293BA78B007414CB /* Instance Console View.swift */,
				F3EEB60D2BC923D1006E6CF0 /* Server List.swift */,
				6459E11A2976E215006DB3A4 /* Preferences */,
				F388DED82BC817F3002E7616 /* Mods */,
				640A75B72A226E76005CDE49 /* Worlds */,
				640A75B02A2263D5005CDE49 /* Screenshots */,
			);
			path = Instance;
			sourceTree = "<group>";
		};
		6459E11A2976E215006DB3A4 /* Preferences */ = {
			isa = PBXGroup;
			children = (
				64B01AE42940961F00B3E670 /* Instance Runtime View.swift */,
			);
			path = Preferences;
			sourceTree = "<group>";
		};
		6474DC1A2A150D13001FCD4D /* Error */ = {
			isa = PBXGroup;
			children = (
				6474DC1B2A150D35001FCD4D /* Error Tracker.swift */,
				6474DC1D2A150D63001FCD4D /* Error Tracker Entry.swift */,
				6474DC1F2A150D77001FCD4D /* Tracked Error Type.swift */,
				6474DC232A15F952001FCD4D /* Error Tracker View.swift */,
				F3124D172BCFE00900CBE9F7 /* Error Tracker Window Controller.swift */,
			);
			path = Error;
			sourceTree = "<group>";
		};
		64821E0829E44B4E006012F7 /* Accounts */ = {
			isa = PBXGroup;
			children = (
				64821E0929E44B78006012F7 /* Minecraft Account.swift */,
				64A1139F2A110D2500E48761 /* Minecraft Account Type.swift */,
				64821E0B29E44C13006012F7 /* Offline Account.swift */,
				64A1139D2A110ACC00E48761 /* Microsoft Account.swift */,
				64821E0D29E459FA006012F7 /* Account Manager.swift */,
				648445892A10F69600049986 /* Account Manager + Storage.swift */,
				6484458B2A10F6BC00049986 /* Account Manager + Server.swift */,
				648445762A10C25D00049986 /* Account Manager + Auth.swift */,
				64FA2A972A0F81D50042A4A7 /* Xbox Live Auth.swift */,
				64E1F8C82A0FBDE7006D68B6 /* Microsoft Auth Error.swift */,
				6484457B2A10D03200049986 /* Xbox Auth Response.swift */,
				6484457D2A10D12400049986 /* Xsts Auth.swift */,
				6484457F2A10D44A00049986 /* Minecraft Token Response.swift */,
				648445812A10D4FD00049986 /* Minecraft Auth.swift */,
				648445832A10D69F00049986 /* Dictionary + Encoding.swift */,
				648445852A10D6B100049986 /* Character Set + Encoding Validation.swift */,
				648445872A10DE9200049986 /* Minecraft Profile.swift */,
				64E1F8C62A0FBB31006D68B6 /* Microsoft Access Token.swift */,
			);
			path = Accounts;
			sourceTree = "<group>";
		};
		6497595A29F056CF00D0194E /* Accounts */ = {
			isa = PBXGroup;
			children = (
				641678522923B6F90012C9CC /* Accounts Preferences View.swift */,
				6497595B29F056FF00D0194E /* Add Offline Account View.swift */,
				64FA2A952A0F76FA0042A4A7 /* Microsoft Account View Model.swift */,
			);
			path = Accounts;
			sourceTree = "<group>";
		};
		649762BC2935A2D600977467 /* Create */ = {
			isa = PBXGroup;
			children = (
				640DC1F02934F14200943213 /* New Instance View.swift */,
				649762BF2935A46E00977467 /* New Vanilla Instance View.swift */,
			);
			path = Create;
			sourceTree = "<group>";
		};
		64BACB932A1C692400F7AA1C /* Http */ = {
			isa = PBXGroup;
			children = (
				64BACB942A1C6EE500F7AA1C /* Http.swift */,
				64BACB962A1C6EF700F7AA1C /* Http Method.swift */,
			);
			path = Http;
			sourceTree = "<group>";
		};
		64BACB982A1C9F0100F7AA1C /* Fabric */ = {
			isa = PBXGroup;
			children = (
				64BACB992A1C9F3000F7AA1C /* Fabric Loader Version.swift */,
				64BACB9B2A1C9F5D00F7AA1C /* Fabric Meta.swift */,
			);
			path = Fabric;
			sourceTree = "<group>";
		};
		64C334CC2922523500BB8570 = {
			isa = PBXGroup;
			children = (
				645AFA94292C9E1500CD3F7E /* HEADER */,
				64C3350B2922B0B400BB8570 /* LICENSE */,
				64C3350A2922734400BB8570 /* README.md */,
				64C33508292272F500BB8570 /* .gitignore */,
				64C334D72922523600BB8570 /* Stalin Craft */,
				F336781C2BC759AA0083E21C /* Stalin Craft Tests */,
				64C334D62922523600BB8570 /* Products */,
				643B39FA29274F6100AEC71C /* Frameworks */,
			);
			sourceTree = "<group>";
		};
		64C334D62922523600BB8570 /* Products */ = {
			isa = PBXGroup;
			children = (
				64C334D52922523600BB8570 /* Stalin Craft.app */,
				649C8DD2297D5ABE000352F2 /* Stalin Craft Tests.xctest */,
			);
			name = Products;
			sourceTree = "<group>";
		};
		64C334D72922523600BB8570 /* Stalin Craft */ = {
			isa = PBXGroup;
			children = (
				64C334E12922523F00BB8570 /* Stalin Craft.entitlements */,
				64C334DC2922523F00BB8570 /* Assets.xcassets */,
				F337D6282BBF1961004B52C5 /* Localizable.xcstrings */,
				F3CF21F72BBF4D3D00AB74DC /* PrivacyInfo.xcprivacy */,
				64C334D82922523600BB8570 /* Stalin Craft App.swift */,
				640DC1EC2934EC2300943213 /* App Delegate.swift */,
				64C334DA2922523600BB8570 /* Content View.swift */,
				64C41C1329366CAF00014E0F /* Value Keys.swift */,
				64E459F22938C7AC00F82A2B /* Launcher Data.swift */,
				F3EEB6102BC93414006E6CF0 /* Settings Tab.swift */,
				64F7C5EA297D63800086ABC1 /* Data */,
				644DE1D22937C13F00C4A03E /* Instance */,
				6416784F2923B6450012C9CC /* Preferences */,
				6474DC1A2A150D13001FCD4D /* Error */,
				644DE1D12937C0D300C4A03E /* Util */,
			);
			path = "Stalin Craft";
			sourceTree = "<group>";
		};
		64F7C5EA297D63800086ABC1 /* Data */ = {
			isa = PBXGroup;
			children = (
				64F7C5F4297D64490086ABC1 /* File Handler.swift */,
				64821E0829E44B4E006012F7 /* Accounts */,
				64F7C613297D7D470086ABC1 /* Download */,
				64F7C610297D657E0086ABC1 /* Preferences */,
				64F7C605297D64FC0086ABC1 /* Java */,
				640A75922A21CEDB005CDE49 /* Screenshots */,
				640A758B2A208BA5005CDE49 /* Mods */,
				640A75BA2A226F65005CDE49 /* Worlds */,
				64F7C5FC297D64920086ABC1 /* Instance */,
				64F7C5EB297D63A70086ABC1 /* Launch */,
				64337EE72A17A4D10017BCB0 /* Version */,
				64A5151929E2DF6500AFE3AE /* Published + Coding.swift */,
			);
			path = Data;
			sourceTree = "<group>";
		};
		64F7C5EB297D63A70086ABC1 /* Launch */ = {
			isa = PBXGroup;
			children = (
				64C5621329C083AA003402F0 /* Instance Process.swift */,
				64F7C5EC297D63D00086ABC1 /* Argument Provider.swift */,
			);
			path = Launch;
			sourceTree = "<group>";
		};
		64F7C5FC297D64920086ABC1 /* Instance */ = {
			isa = PBXGroup;
			children = (
				64F7C5FD297D64A40086ABC1 /* Instance.swift */,
				64A5150D29E2DED100AFE3AE /* Minecraft Jar.swift */,
				64A5151529E2DF2300AFE3AE /* Instance Logo.swift */,
				64A5151729E2DF3300AFE3AE /* File Type.swift */,
				64A5151F29E2E6A300AFE3AE /* Instance Data.swift */,
				64A5151D29E2DFE000AFE3AE /* Instance + Prelaunch.swift */,
				64A5151B29E2DFAD00AFE3AE /* Instance + Storage.swift */,
				64F7C5FF297D64B50086ABC1 /* Instance Creator.swift */,
				64F7C601297D64CA0086ABC1 /* Instance Preferences.swift */,
				64F7C603297D64DD0086ABC1 /* Vanilla Instance Creator.swift */,
			);
			path = Instance;
			sourceTree = "<group>";
		};
		64F7C605297D64FC0086ABC1 /* Java */ = {
			isa = PBXGroup;
			children = (
				64F7C606297D65080086ABC1 /* Downloaded Java Installation.swift */,
				64F7C60C297D654A0086ABC1 /* Jre Downloader.swift */,
				64F7C60A297D65390086ABC1 /* Linked Java Installation.swift */,
				64F7C60E297D65620086ABC1 /* Saved Java Installation.swift */,
			);
			path = Java;
			sourceTree = "<group>";
		};
		64F7C610297D657E0086ABC1 /* Preferences */ = {
			isa = PBXGroup;
			children = (
				64148DD9296E80E400E5EAD3 /* Global Preferences.swift */,
				64F7C611297D658D0086ABC1 /* Runtime Preferences.swift */,
				649EA76629EC27F300BD77EA /* UI Preferences.swift */,
			);
			path = Preferences;
			sourceTree = "<group>";
		};
		64F7C613297D7D470086ABC1 /* Download */ = {
			isa = PBXGroup;
			children = (
				64F7C5F2297D64370086ABC1 /* Task Progress.swift */,
				64F7C5F6297D645A0086ABC1 /* Parallel Executor.swift */,
				6472E46F29E2BF5F00B4C65B /* Parallel Downloader.swift */,
				6472E47129E2C35200B4C65B /* Download Task.swift */,
				643E454B2A1291CC00687839 /* Launch Error.swift */,
			);
			path = Download;
			sourceTree = "<group>";
		};
		64F7C614297D7E320086ABC1 /* Logo */ = {
			isa = PBXGroup;
			children = (
				6459E124297700D5006DB3A4 /* Instance Logo View.swift */,
				64A62C8C2977B454007A9597 /* Symbol Logo Picker View.swift */,
				64CE1091297864A700366372 /* Image Logo Picker View.swift */,
				643E454D2A13300900687839 /* Instance Logo Picker Sheet.swift */,
				643E454F2A13308700687839 /* Instance Interative Logo View.swift */,
			);
			path = Logo;
			sourceTree = "<group>";
		};
		64F7C615297D7EE40086ABC1 /* Symbols */ = {
			isa = PBXGroup;
			children = (
				646139E52977EA0300BA9477 /* SF Symbols List.swift */,
				646139E12977E88700BA9477 /* SF Symbols 12 List.swift */,
				646139E32977E95300BA9477 /* SF Symbols 13 List.swift */,
			);
			path = Symbols;
			sourceTree = "<group>";
		};
		F336781C2BC759AA0083E21C /* Stalin Craft Tests */ = {
			isa = PBXGroup;
			children = (
				F33678182BC759AA0083E21C /* Argument Tests.swift */,
				F33678192BC759AA0083E21C /* Download Tests.swift */,
				F336781A2BC759AA0083E21C /* Instance Tests.swift */,
				F336781B2BC759AA0083E21C /* Java Tests.swift */,
			);
			path = "Stalin Craft Tests";
			sourceTree = "<group>";
		};
		F388DED82BC817F3002E7616 /* Mods */ = {
			isa = PBXGroup;
			children = (
				640A758E2A20E969005CDE49 /* Mod List.swift */,
				F388DED92BC82DA4002E7616 /* Handle Drop.swift */,
			);
			path = Mods;
			sourceTree = "<group>";
		};
		F388DEE32BC84DE9002E7616 /* Mod Tools */ = {
			isa = PBXGroup;
			children = (
				F388DEE12BC84DCB002E7616 /* Mod Tools List.swift */,
				F388DEDF2BC8465E002E7616 /* Get Fabric Versions.swift */,
			);
			path = "Mod Tools";
			sourceTree = "<group>";
		};
/* End PBXGroup section */

/* Begin PBXNativeTarget section */
		649C8DD1297D5ABE000352F2 /* Stalin Craft Tests */ = {
			isa = PBXNativeTarget;
			buildConfigurationList = 649C8DD8297D5ABE000352F2 /* Build configuration list for PBXNativeTarget "Stalin Craft Tests" */;
			buildPhases = (
				649C8DCE297D5ABE000352F2 /* Sources */,
				649C8DCF297D5ABE000352F2 /* Frameworks */,
				649C8DD0297D5ABE000352F2 /* Resources */,
			);
			buildRules = (
			);
			dependencies = (
				649C8DD7297D5ABE000352F2 /* PBXTargetDependency */,
			);
			name = "Stalin Craft Tests";
			productName = InnateMCTests;
			productReference = 649C8DD2297D5ABE000352F2 /* Stalin Craft Tests.xctest */;
			productType = "com.apple.product-type.bundle.unit-test";
		};
		64C334D42922523600BB8570 /* Stalin Craft */ = {
			isa = PBXNativeTarget;
			buildConfigurationList = 64C334FA2922524000BB8570 /* Build configuration list for PBXNativeTarget "Stalin Craft" */;
			buildPhases = (
				64C334D12922523600BB8570 /* Sources */,
				64C334D22922523600BB8570 /* Frameworks */,
				64C334D32922523600BB8570 /* Resources */,
			);
			buildRules = (
			);
			name = "Stalin Craft";
			packageProductDependencies = (
				64FA2A912A0F73BD0042A4A7 /* Swifter */,
				64FC5B282A5805FB009D0050 /* Zip */,
				64515B722A78DF34000D17A8 /* FileWatcher */,
				F337D6262BBEEA8C004B52C5 /* ScrechKit */,
			);
			productName = InnateMC;
			productReference = 64C334D52922523600BB8570 /* Stalin Craft.app */;
			productType = "com.apple.product-type.application";
		};
/* End PBXNativeTarget section */

/* Begin PBXProject section */
		64C334CD2922523500BB8570 /* Project object */ = {
			isa = PBXProject;
			attributes = {
				BuildIndependentTargetsInParallel = 1;
				LastSwiftUpdateCheck = 1320;
				LastUpgradeCheck = 1640;
				TargetAttributes = {
					649C8DD1297D5ABE000352F2 = {
						CreatedOnToolsVersion = 13.2.1;
						LastSwiftMigration = 1320;
						TestTargetID = 64C334D42922523600BB8570;
					};
					64C334D42922523600BB8570 = {
						CreatedOnToolsVersion = 13.2.1;
						LastSwiftMigration = 1320;
					};
				};
			};
			buildConfigurationList = 64C334D02922523500BB8570 /* Build configuration list for PBXProject "Stalin Craft" */;
			developmentRegion = en;
			hasScannedForEncodings = 0;
			knownRegions = (
				en,
				Base,
				de,
				ru,
				nl,
			);
			mainGroup = 64C334CC2922523500BB8570;
			packageReferences = (
				6459E1212976FEDF006DB3A4 /* XCRemoteSwiftPackageReference "SymbolPicker" */,
				644D708929F3C80C0007C7F4 /* XCRemoteSwiftPackageReference "microsoft-authentication-library-for-objc" */,
				64FA2A902A0F73BD0042A4A7 /* XCRemoteSwiftPackageReference "swifter" */,
				648445782A10C95100049986 /* XCRemoteSwiftPackageReference "async-http-client" */,
				64FC5B272A5805FA009D0050 /* XCRemoteSwiftPackageReference "Zip" */,
				64515B712A78DF34000D17A8 /* XCRemoteSwiftPackageReference "FileWatcher" */,
				F337D6252BBEEA8C004B52C5 /* XCRemoteSwiftPackageReference "ScrechKit" */,
			);
			preferredProjectObjectVersion = 90;
			productRefGroup = 64C334D62922523600BB8570 /* Products */;
			projectDirPath = "";
			projectRoot = "";
			targets = (
				64C334D42922523600BB8570 /* Stalin Craft */,
				649C8DD1297D5ABE000352F2 /* Stalin Craft Tests */,
			);
		};
/* End PBXProject section */

/* Begin PBXResourcesBuildPhase section */
		649C8DD0297D5ABE000352F2 /* Resources */ = {
			isa = PBXResourcesBuildPhase;
			files = (
			);
		};
		64C334D32922523600BB8570 /* Resources */ = {
			isa = PBXResourcesBuildPhase;
			files = (
				F337D6292BBF1961004B52C5 /* Localizable.xcstrings in Resources */,
				64C33509292272F600BB8570 /* .gitignore in Resources */,
				64C3350C2922B0B500BB8570 /* LICENSE in Resources */,
				F3CF21F82BBF4D3D00AB74DC /* PrivacyInfo.xcprivacy in Resources */,
				64C334DD2922523F00BB8570 /* Assets.xcassets in Resources */,
			);
		};
/* End PBXResourcesBuildPhase section */

/* Begin PBXSourcesBuildPhase section */
		649C8DCE297D5ABE000352F2 /* Sources */ = {
			isa = PBXSourcesBuildPhase;
			files = (
				F33678212BC75AB60083E21C /* Java Tests.swift in Sources */,
			);
		};
		64C334D12922523600BB8570 /* Sources */ = {
			isa = PBXSourcesBuildPhase;
			files = (
				6484458C2A10F6BC00049986 /* Account Manager + Server.swift in Sources */,
				64CE1092297864A700366372 /* Image Logo Picker View.swift in Sources */,
				64A5151029E2DEE900AFE3AE /* Library Artifact.swift in Sources */,
				64F7C60B297D65390086ABC1 /* Linked Java Installation.swift in Sources */,
				64F7C5F5297D64490086ABC1 /* File Handler.swift in Sources */,
				F33678152BC74CC40083E21C /* Unzip.swift in Sources */,
				64A5151629E2DF2300AFE3AE /* Instance Logo.swift in Sources */,
				64F7C602297D64CA0086ABC1 /* Instance Preferences.swift in Sources */,
				64A113A02A110D2500E48761 /* Minecraft Account Type.swift in Sources */,
				6407E6382A2791F100BB9AEA /* Imgur Sharing Service Delegate.swift in Sources */,
				64A62C8D2977B454007A9597 /* Symbol Logo Picker View.swift in Sources */,
				64A5151229E2DEFD00AFE3AE /* Partial Asset Index.swift in Sources */,
				F336781D2BC759AA0083E21C /* Argument Tests.swift in Sources */,
				64F7C5FE297D64A40086ABC1 /* Instance.swift in Sources */,
				6484457C2A10D03200049986 /* Xbox Auth Response.swift in Sources */,
				64FA2A942A0F767F0042A4A7 /* Web View Window.swift in Sources */,
				64821E0A29E44B78006012F7 /* Minecraft Account.swift in Sources */,
				6474DC1C2A150D36001FCD4D /* Error Tracker.swift in Sources */,
				644FC6722937B243003797D9 /* Ui Preferences View.swift in Sources */,
				6484458A2A10F69600049986 /* Account Manager + Storage.swift in Sources */,
				64A5151C29E2DFAD00AFE3AE /* Instance + Storage.swift in Sources */,
				643E454C2A1291CC00687839 /* Launch Error.swift in Sources */,
				643E455C2A13331100687839 /* Instance Title View.swift in Sources */,
				648445802A10D44A00049986 /* Minecraft Token Response.swift in Sources */,
				F3124D182BCFE00900CBE9F7 /* Error Tracker Window Controller.swift in Sources */,
				F336781E2BC759AA0083E21C /* Download Tests.swift in Sources */,
				64337EF32A17CA040017BCB0 /* Artifact.swift in Sources */,
				64BACB972A1C6EF700F7AA1C /* Http Method.swift in Sources */,
				64A5152029E2E6A300AFE3AE /* Instance Data.swift in Sources */,
				64BACB9C2A1C9F5D00F7AA1C /* Fabric Meta.swift in Sources */,
				640A75B92A226F2C005CDE49 /* World List.swift in Sources */,
				640A758D2A208BE3005CDE49 /* Mod.swift in Sources */,
				646139E02977E3A700BA9477 /* Symbol Picker.swift in Sources */,
				648445882A10DE9300049986 /* Minecraft Profile.swift in Sources */,
				64FA2A982A0F81D50042A4A7 /* Xbox Live Auth.swift in Sources */,
				6474DC1E2A150D63001FCD4D /* Error Tracker Entry.swift in Sources */,
				6472E47229E2C35200B4C65B /* Download Task.swift in Sources */,
				648445842A10D69F00049986 /* Dictionary + Encoding.swift in Sources */,
				649762C02935A46E00977467 /* New Vanilla Instance View.swift in Sources */,
				641678512923B6D40012C9CC /* Runtime Preferences View.swift in Sources */,
				648445862A10D6B100049986 /* Character Set + Encoding Validation.swift in Sources */,
				648445822A10D4FD00049986 /* Minecraft Auth.swift in Sources */,
				643E454E2A13300900687839 /* Instance Logo Picker Sheet.swift in Sources */,
				64F7C60F297D65620086ABC1 /* Saved Java Installation.swift in Sources */,
				F388DEE02BC8465E002E7616 /* Get Fabric Versions.swift in Sources */,
				646139E22977E88700BA9477 /* SF Symbols 12 List.swift in Sources */,
				648EDF512A1881CE00E40B03 /* Partial Version.swift in Sources */,
				F3EEB6112BC93414006E6CF0 /* Settings Tab.swift in Sources */,
				6459E125297700D5006DB3A4 /* Instance Logo View.swift in Sources */,
				64E1F8C92A0FBDE7006D68B6 /* Microsoft Auth Error.swift in Sources */,
				649620D02A124EA500733AB6 /* Instance Export Sheet.swift in Sources */,
				64F7C5ED297D63D00086ABC1 /* Argument Provider.swift in Sources */,
				64C334DB2922523600BB8570 /* Content View.swift in Sources */,
				643E45682A13A9A800687839 /* Developer Mode Commands.swift in Sources */,
				64E1F8C72A0FBB31006D68B6 /* Microsoft Access Token.swift in Sources */,
				643E45542A13314E00687839 /* Launch Error Sheet.swift in Sources */,
				643E45522A1330F600687839 /* Instance Choose Account Sheet.swift in Sources */,
				6474DC202A150D77001FCD4D /* Tracked Error Type.swift in Sources */,
				64F7C5F7297D645A0086ABC1 /* Parallel Executor.swift in Sources */,
				640A75BC2A226F80005CDE49 /* World.swift in Sources */,
				646139E62977EA0300BA9477 /* SF Symbols List.swift in Sources */,
				6407E63A2A285B6C00BB9AEA /* Screenshot Share Button.swift in Sources */,
				64337EEF2A17A80B0017BCB0 /* Arguments.swift in Sources */,
				64E459F32938C7AC00F82A2B /* Launcher Data.swift in Sources */,
				64F7C607297D65080086ABC1 /* Downloaded Java Installation.swift in Sources */,
				64BACB9A2A1C9F3000F7AA1C /* Fabric Loader Version.swift in Sources */,
				64337EFB2A17D66A0017BCB0 /* Library.swift in Sources */,
				64B01AE52940961F00B3E670 /* Instance Runtime View.swift in Sources */,
				640A75912A2115BA005CDE49 /* Run Once.swift in Sources */,
				F388DEE22BC84DCB002E7616 /* Mod Tools List.swift in Sources */,
				640CCF552A09F0FA0080F574 /* Settings Fetch.swift in Sources */,
				64C33505292252B500BB8570 /* Preferences View.swift in Sources */,
				64337EEB2A17A62A0017BCB0 /* Conditional Argument.swift in Sources */,
				64F7C604297D64DD0086ABC1 /* Vanilla Instance Creator.swift in Sources */,
				64C09B702A12145900867038 /* Instance Delete Sheet.swift in Sources */,
				640A75942A21CEFD005CDE49 /* Screenshot.swift in Sources */,
				6497595C29F0570000D0194E /* Add Offline Account View.swift in Sources */,
				647A796A29E8166700497CE1 /* Console Text View.swift in Sources */,
				64A5151E29E2DFE000AFE3AE /* Instance + Prelaunch.swift in Sources */,
				64E459EF2938BBEF00F82A2B /* Instance Commands.swift in Sources */,
				643E45582A13327900687839 /* Instance Notes View.swift in Sources */,
				64A5150E29E2DED100AFE3AE /* Minecraft Jar.swift in Sources */,
				640A758F2A20E969005CDE49 /* Mod List.swift in Sources */,
				64F7C5FB297D64810086ABC1 /* Version Manifest.swift in Sources */,
				64337EED2A17A6AA0017BCB0 /* Argument Element.swift in Sources */,
				646139E42977E95300BA9477 /* SF Symbols 13 List.swift in Sources */,
				64A5151829E2DF3300AFE3AE /* File Type.swift in Sources */,
				64BACB952A1C6EE500F7AA1C /* Http.swift in Sources */,
				64F7C60D297D654A0086ABC1 /* Jre Downloader.swift in Sources */,
				644DE1D42937C93600C4A03E /* Instance View.swift in Sources */,
				64337EF12A17C9AD0017BCB0 /* Version.swift in Sources */,
				641678532923B6FA0012C9CC /* Accounts Preferences View.swift in Sources */,
				6472E47029E2BF5F00B4C65B /* Parallel Downloader.swift in Sources */,
				64C33507292256C500BB8570 /* Todo View.swift in Sources */,
				64148DDA296E80E400E5EAD3 /* Global Preferences.swift in Sources */,
				64821E0C29E44C14006012F7 /* Offline Account.swift in Sources */,
				F388DED72BC8125C002E7616 /* Size of directory.swift in Sources */,
				F33678172BC753F20083E21C /* Fabric Mod.swift in Sources */,
				64F7C612297D658D0086ABC1 /* Runtime Preferences.swift in Sources */,
				64C5621429C083AA003402F0 /* Instance Process.swift in Sources */,
				64821E0E29E459FC006012F7 /* Account Manager.swift in Sources */,
				640DC1F12934F14200943213 /* New Instance View.swift in Sources */,
				64F7C5F1297D641C0086ABC1 /* Asset Index.swift in Sources */,
				F336781F2BC759AA0083E21C /* Instance Tests.swift in Sources */,
				64337EF72A17CADB0017BCB0 /* Preferred Java Version.swift in Sources */,
				643E45502A13308700687839 /* Instance Interative Logo View.swift in Sources */,
				644FC66E29375853003797D9 /* Instance Navigation Link.swift in Sources */,
				64F7C5F3297D64370086ABC1 /* Task Progress.swift in Sources */,
				64337EE92A17A4EF0017BCB0 /* Rule.swift in Sources */,
				64F7C600297D64B50086ABC1 /* Instance Creator.swift in Sources */,
				64FA2A962A0F76FA0042A4A7 /* Microsoft Account View Model.swift in Sources */,
				F3EEB60E2BC923D1006E6CF0 /* Server List.swift in Sources */,
				640A75962A21D021005CDE49 /* Screenshot List.swift in Sources */,
				F388DEDA2BC82DA4002E7616 /* Handle Drop.swift in Sources */,
				64C334D92922523600BB8570 /* Stalin Craft App.swift in Sources */,
				64337EFD2A17DB630017BCB0 /* Logging Config.swift in Sources */,
				64C41C1429366CAF00014E0F /* Value Keys.swift in Sources */,
				648445772A10C25D00049986 /* Account Manager + Auth.swift in Sources */,
				64A5151A29E2DF6500AFE3AE /* Published + Coding.swift in Sources */,
				643E455A2A1332BE00687839 /* Instance Synopsis View.swift in Sources */,
				640DC1ED2934EC2300943213 /* App Delegate.swift in Sources */,
				64C09B6C2A1212CF00867038 /* Instance Duplication Sheet.swift in Sources */,
				64FE2D40293BA78B007414CB /* Instance Console View.swift in Sources */,
				643E45632A133A3F00687839 /* Instance Specific Commands.swift in Sources */,
				64A1139E2A110ACD00E48761 /* Microsoft Account.swift in Sources */,
				6474DC242A15F952001FCD4D /* Error Tracker View.swift in Sources */,
				64337EF52A17CA6C0017BCB0 /* Main Downloads.swift in Sources */,
				643E45562A1331B700687839 /* Interactive Star View.swift in Sources */,
				643E45662A13A61000687839 /* Misc Preferences View.swift in Sources */,
				649EA76729EC27F300BD77EA /* UI Preferences.swift in Sources */,
				6497595E29F25AD000D0194E /* Instance Editing VM.swift in Sources */,
				6484457E2A10D12400049986 /* Xsts Auth.swift in Sources */,
				F388DEDE2BC844FB002E7616 /* World Card.swift in Sources */,
			);
		};
/* End PBXSourcesBuildPhase section */

/* Begin PBXTargetDependency section */
		649C8DD7297D5ABE000352F2 /* PBXTargetDependency */ = {
			isa = PBXTargetDependency;
			target = 64C334D42922523600BB8570 /* Stalin Craft */;
			targetProxy = 649C8DD6297D5ABE000352F2 /* PBXContainerItemProxy */;
		};
/* End PBXTargetDependency section */

/* Begin XCBuildConfiguration section */
		649C8DD9297D5ABE000352F2 /* Debug configuration for PBXNativeTarget "Stalin Craft Tests" */ = {
			isa = XCBuildConfiguration;
			buildSettings = {
				BUNDLE_LOADER = "$(TEST_HOST)";
				CLANG_ENABLE_MODULES = YES;
				CODE_SIGN_STYLE = Automatic;
				CURRENT_PROJECT_VERSION = 1;
				GENERATE_INFOPLIST_FILE = YES;
				LD_RUNPATH_SEARCH_PATHS = (
					"$(inherited)",
					"@executable_path/../Frameworks",
					"@loader_path/../Frameworks",
				);
				MARKETING_VERSION = 1.0;
				PRODUCT_BUNDLE_IDENTIFIER = "dev.topscrech.Stalin-Craft-Tests";
				PRODUCT_NAME = "$(TARGET_NAME)";
				SWIFT_EMIT_LOC_STRINGS = NO;
				SWIFT_OPTIMIZATION_LEVEL = "-Onone";
				SWIFT_VERSION = 5.0;
				TEST_HOST = "$(BUILT_PRODUCTS_DIR)/Stalin Craft.app/Contents/MacOS/Stalin Craft";
			};
			name = Debug;
		};
		649C8DDA297D5ABE000352F2 /* Release configuration for PBXNativeTarget "Stalin Craft Tests" */ = {
			isa = XCBuildConfiguration;
			buildSettings = {
				BUNDLE_LOADER = "$(TEST_HOST)";
				CLANG_ENABLE_MODULES = YES;
				CODE_SIGN_STYLE = Automatic;
				CURRENT_PROJECT_VERSION = 1;
				GENERATE_INFOPLIST_FILE = YES;
				LD_RUNPATH_SEARCH_PATHS = (
					"$(inherited)",
					"@executable_path/../Frameworks",
					"@loader_path/../Frameworks",
				);
				MARKETING_VERSION = 1.0;
				PRODUCT_BUNDLE_IDENTIFIER = "dev.topscrech.Stalin-Craft-Tests";
				PRODUCT_NAME = "$(TARGET_NAME)";
				SWIFT_EMIT_LOC_STRINGS = NO;
				SWIFT_VERSION = 5.0;
				TEST_HOST = "$(BUILT_PRODUCTS_DIR)/Stalin Craft.app/Contents/MacOS/Stalin Craft";
			};
			name = Release;
		};
		64C334F82922524000BB8570 /* Debug configuration for PBXProject "Stalin Craft" */ = {
			isa = XCBuildConfiguration;
			buildSettings = {
				ALWAYS_SEARCH_USER_PATHS = NO;
				CLANG_ANALYZER_LOCALIZABILITY_NONLOCALIZED = YES;
				CLANG_ANALYZER_NONNULL = YES;
				CLANG_ANALYZER_NUMBER_OBJECT_CONVERSION = YES_AGGRESSIVE;
				CLANG_CXX_LANGUAGE_STANDARD = "gnu++17";
				CLANG_CXX_LIBRARY = "libc++";
				CLANG_ENABLE_MODULES = YES;
				CLANG_ENABLE_OBJC_ARC = YES;
				CLANG_ENABLE_OBJC_WEAK = YES;
				CLANG_WARN_BLOCK_CAPTURE_AUTORELEASING = YES;
				CLANG_WARN_BOOL_CONVERSION = YES;
				CLANG_WARN_COMMA = YES;
				CLANG_WARN_CONSTANT_CONVERSION = YES;
				CLANG_WARN_DEPRECATED_OBJC_IMPLEMENTATIONS = YES;
				CLANG_WARN_DIRECT_OBJC_ISA_USAGE = YES_ERROR;
				CLANG_WARN_DOCUMENTATION_COMMENTS = YES;
				CLANG_WARN_EMPTY_BODY = YES;
				CLANG_WARN_ENUM_CONVERSION = YES;
				CLANG_WARN_INFINITE_RECURSION = YES;
				CLANG_WARN_INT_CONVERSION = YES;
				CLANG_WARN_NON_LITERAL_NULL_CONVERSION = YES;
				CLANG_WARN_OBJC_IMPLICIT_RETAIN_SELF = YES;
				CLANG_WARN_OBJC_LITERAL_CONVERSION = YES;
				CLANG_WARN_OBJC_ROOT_CLASS = YES_ERROR;
				CLANG_WARN_QUOTED_INCLUDE_IN_FRAMEWORK_HEADER = YES;
				CLANG_WARN_RANGE_LOOP_ANALYSIS = YES;
				CLANG_WARN_STRICT_PROTOTYPES = YES;
				CLANG_WARN_SUSPICIOUS_MOVE = YES;
				CLANG_WARN_UNGUARDED_AVAILABILITY = YES_AGGRESSIVE;
				CLANG_WARN_UNREACHABLE_CODE = YES;
				CLANG_WARN__DUPLICATE_METHOD_MATCH = YES;
				COPY_PHASE_STRIP = NO;
				DEAD_CODE_STRIPPING = YES;
				DEBUG_INFORMATION_FORMAT = dwarf;
				DEVELOPMENT_TEAM = 8FQUA2F388;
				ENABLE_STRICT_OBJC_MSGSEND = YES;
				ENABLE_TESTABILITY = YES;
				ENABLE_USER_SCRIPT_SANDBOXING = YES;
				GCC_C_LANGUAGE_STANDARD = gnu11;
				GCC_DYNAMIC_NO_PIC = NO;
				GCC_NO_COMMON_BLOCKS = YES;
				GCC_OPTIMIZATION_LEVEL = 0;
				GCC_PREPROCESSOR_DEFINITIONS = (
					"DEBUG=1",
					"$(inherited)",
				);
				GCC_WARN_64_TO_32_BIT_CONVERSION = YES;
				GCC_WARN_ABOUT_RETURN_TYPE = YES_ERROR;
				GCC_WARN_UNDECLARED_SELECTOR = YES;
				GCC_WARN_UNINITIALIZED_AUTOS = YES_AGGRESSIVE;
				GCC_WARN_UNUSED_FUNCTION = YES;
				GCC_WARN_UNUSED_VARIABLE = YES;
				LOCALIZATION_PREFERS_STRING_CATALOGS = YES;
				MACOSX_DEPLOYMENT_TARGET = 12.0;
				MTL_ENABLE_DEBUG_INFO = INCLUDE_SOURCE;
				MTL_FAST_MATH = YES;
				ONLY_ACTIVE_ARCH = YES;
				SDKROOT = macosx;
				SWIFT_ACTIVE_COMPILATION_CONDITIONS = DEBUG;
				SWIFT_OPTIMIZATION_LEVEL = "-Onone";
			};
			name = Debug;
		};
		64C334F92922524000BB8570 /* Release configuration for PBXProject "Stalin Craft" */ = {
			isa = XCBuildConfiguration;
			buildSettings = {
				ALWAYS_SEARCH_USER_PATHS = NO;
				CLANG_ANALYZER_LOCALIZABILITY_NONLOCALIZED = YES;
				CLANG_ANALYZER_NONNULL = YES;
				CLANG_ANALYZER_NUMBER_OBJECT_CONVERSION = YES_AGGRESSIVE;
				CLANG_CXX_LANGUAGE_STANDARD = "gnu++17";
				CLANG_CXX_LIBRARY = "libc++";
				CLANG_ENABLE_MODULES = YES;
				CLANG_ENABLE_OBJC_ARC = YES;
				CLANG_ENABLE_OBJC_WEAK = YES;
				CLANG_WARN_BLOCK_CAPTURE_AUTORELEASING = YES;
				CLANG_WARN_BOOL_CONVERSION = YES;
				CLANG_WARN_COMMA = YES;
				CLANG_WARN_CONSTANT_CONVERSION = YES;
				CLANG_WARN_DEPRECATED_OBJC_IMPLEMENTATIONS = YES;
				CLANG_WARN_DIRECT_OBJC_ISA_USAGE = YES_ERROR;
				CLANG_WARN_DOCUMENTATION_COMMENTS = YES;
				CLANG_WARN_EMPTY_BODY = YES;
				CLANG_WARN_ENUM_CONVERSION = YES;
				CLANG_WARN_INFINITE_RECURSION = YES;
				CLANG_WARN_INT_CONVERSION = YES;
				CLANG_WARN_NON_LITERAL_NULL_CONVERSION = YES;
				CLANG_WARN_OBJC_IMPLICIT_RETAIN_SELF = YES;
				CLANG_WARN_OBJC_LITERAL_CONVERSION = YES;
				CLANG_WARN_OBJC_ROOT_CLASS = YES_ERROR;
				CLANG_WARN_QUOTED_INCLUDE_IN_FRAMEWORK_HEADER = YES;
				CLANG_WARN_RANGE_LOOP_ANALYSIS = YES;
				CLANG_WARN_STRICT_PROTOTYPES = YES;
				CLANG_WARN_SUSPICIOUS_MOVE = YES;
				CLANG_WARN_UNGUARDED_AVAILABILITY = YES_AGGRESSIVE;
				CLANG_WARN_UNREACHABLE_CODE = YES;
				CLANG_WARN__DUPLICATE_METHOD_MATCH = YES;
				COPY_PHASE_STRIP = NO;
				DEAD_CODE_STRIPPING = YES;
				DEBUG_INFORMATION_FORMAT = "dwarf-with-dsym";
				DEVELOPMENT_TEAM = 8FQUA2F388;
				ENABLE_NS_ASSERTIONS = NO;
				ENABLE_STRICT_OBJC_MSGSEND = YES;
				ENABLE_USER_SCRIPT_SANDBOXING = YES;
				GCC_C_LANGUAGE_STANDARD = gnu11;
				GCC_NO_COMMON_BLOCKS = YES;
				GCC_WARN_64_TO_32_BIT_CONVERSION = YES;
				GCC_WARN_ABOUT_RETURN_TYPE = YES_ERROR;
				GCC_WARN_UNDECLARED_SELECTOR = YES;
				GCC_WARN_UNINITIALIZED_AUTOS = YES_AGGRESSIVE;
				GCC_WARN_UNUSED_FUNCTION = YES;
				GCC_WARN_UNUSED_VARIABLE = YES;
				LOCALIZATION_PREFERS_STRING_CATALOGS = YES;
				MACOSX_DEPLOYMENT_TARGET = 12.0;
				MTL_ENABLE_DEBUG_INFO = NO;
				MTL_FAST_MATH = YES;
				SDKROOT = macosx;
				SWIFT_COMPILATION_MODE = wholemodule;
				SWIFT_OPTIMIZATION_LEVEL = "-O";
			};
			name = Release;
		};
		64C334FB2922524000BB8570 /* Debug configuration for PBXNativeTarget "Stalin Craft" */ = {
			isa = XCBuildConfiguration;
			buildSettings = {
				ARCHS = "$(ARCHS_STANDARD)";
				ASSETCATALOG_COMPILER_APPICON_NAME = AppIcon;
				ASSETCATALOG_COMPILER_GLOBAL_ACCENT_COLOR_NAME = AccentColor;
				CLANG_ENABLE_MODULES = YES;
				CODE_SIGN_ENTITLEMENTS = "Stalin Craft/Stalin Craft.entitlements";
				CODE_SIGN_IDENTITY = "-";
				"CODE_SIGN_IDENTITY[sdk=macosx*]" = "-";
				CODE_SIGN_STYLE = Automatic;
				COMBINE_HIDPI_IMAGES = YES;
				CURRENT_PROJECT_VERSION = 0;
				DEAD_CODE_STRIPPING = YES;
				DEVELOPMENT_ASSET_PATHS = "";
				ENABLE_HARDENED_RUNTIME = NO;
				ENABLE_PREVIEWS = YES;
				GENERATE_INFOPLIST_FILE = YES;
				HEADER_SEARCH_PATHS = "$(PROJECT_DIR)/include";
				INFOPLIST_FILE = "Stalin Craft/Info.plist";
				INFOPLIST_KEY_CFBundleDisplayName = "Stalin Craft";
				INFOPLIST_KEY_LSApplicationCategoryType = "public.app-category.games";
				INFOPLIST_KEY_NSHumanReadableCopyright = "Copyright © 2022 Stalin Craft & Contributors";
				LD_RUNPATH_SEARCH_PATHS = (
					"$(inherited)",
					"@executable_path/../Frameworks",
				);
				LIBRARY_SEARCH_PATHS = (
					"$(inherited)",
					"$(PROJECT_DIR)/lib",
				);
				MACOSX_DEPLOYMENT_TARGET = 12.0;
				MARKETING_VERSION = 0.9;
				ONLY_ACTIVE_ARCH = YES;
				OTHER_LDFLAGS = (
					"-Xlinker",
					"-interposable",
				);
				PRODUCT_BUNDLE_IDENTIFIER = "dev.topscrech.Stalin-Craft";
				PRODUCT_MODULE_NAME = StalinCraft;
				PRODUCT_NAME = "$(TARGET_NAME)";
				PROVISIONING_PROFILE_SPECIFIER = "";
				SWIFT_EMIT_LOC_STRINGS = YES;
				SWIFT_OPTIMIZATION_LEVEL = "-Onone";
				SWIFT_VERSION = 5.0;
				VERSIONING_SYSTEM = "Semantic Versioning";
			};
			name = Debug;
		};
		64C334FC2922524000BB8570 /* Release configuration for PBXNativeTarget "Stalin Craft" */ = {
			isa = XCBuildConfiguration;
			buildSettings = {
				ARCHS = "$(ARCHS_STANDARD)";
				ASSETCATALOG_COMPILER_APPICON_NAME = AppIcon;
				ASSETCATALOG_COMPILER_GLOBAL_ACCENT_COLOR_NAME = AccentColor;
				CLANG_ENABLE_MODULES = YES;
				CODE_SIGN_ENTITLEMENTS = "Stalin Craft/Stalin Craft.entitlements";
				CODE_SIGN_IDENTITY = "-";
				"CODE_SIGN_IDENTITY[sdk=macosx*]" = "-";
				CODE_SIGN_STYLE = Automatic;
				COMBINE_HIDPI_IMAGES = YES;
				CURRENT_PROJECT_VERSION = 0;
				DEAD_CODE_STRIPPING = YES;
				DEVELOPMENT_ASSET_PATHS = "";
				ENABLE_HARDENED_RUNTIME = NO;
				ENABLE_PREVIEWS = YES;
				GENERATE_INFOPLIST_FILE = YES;
				HEADER_SEARCH_PATHS = "$(PROJECT_DIR)/include";
				INFOPLIST_FILE = "Stalin Craft/Info.plist";
				INFOPLIST_KEY_CFBundleDisplayName = "Stalin Craft";
				INFOPLIST_KEY_LSApplicationCategoryType = "public.app-category.games";
				INFOPLIST_KEY_NSHumanReadableCopyright = "Copyright © 2022 Stalin Craft & Contributors";
				LD_RUNPATH_SEARCH_PATHS = (
					"$(inherited)",
					"@executable_path/../Frameworks",
				);
				LIBRARY_SEARCH_PATHS = (
					"$(inherited)",
					"$(PROJECT_DIR)/lib",
				);
				MACOSX_DEPLOYMENT_TARGET = 12.0;
				MARKETING_VERSION = 0.9;
				ONLY_ACTIVE_ARCH = NO;
				PRODUCT_BUNDLE_IDENTIFIER = "dev.topscrech.Stalin-Craft";
				PRODUCT_MODULE_NAME = StalinCraft;
				PRODUCT_NAME = "$(TARGET_NAME)";
				PROVISIONING_PROFILE_SPECIFIER = "";
				SWIFT_EMIT_LOC_STRINGS = YES;
				SWIFT_VERSION = 5.0;
				VERSIONING_SYSTEM = "Semantic Versioning";
			};
			name = Release;
		};
/* End XCBuildConfiguration section */

/* Begin XCConfigurationList section */
		649C8DD8297D5ABE000352F2 /* Build configuration list for PBXNativeTarget "Stalin Craft Tests" */ = {
			isa = XCConfigurationList;
			buildConfigurations = (
				649C8DD9297D5ABE000352F2 /* Debug configuration for PBXNativeTarget "Stalin Craft Tests" */,
				649C8DDA297D5ABE000352F2 /* Release configuration for PBXNativeTarget "Stalin Craft Tests" */,
			);
			defaultConfigurationName = Release;
		};
		64C334D02922523500BB8570 /* Build configuration list for PBXProject "Stalin Craft" */ = {
			isa = XCConfigurationList;
			buildConfigurations = (
				64C334F82922524000BB8570 /* Debug configuration for PBXProject "Stalin Craft" */,
				64C334F92922524000BB8570 /* Release configuration for PBXProject "Stalin Craft" */,
			);
			defaultConfigurationName = Release;
		};
		64C334FA2922524000BB8570 /* Build configuration list for PBXNativeTarget "Stalin Craft" */ = {
			isa = XCConfigurationList;
			buildConfigurations = (
				64C334FB2922524000BB8570 /* Debug configuration for PBXNativeTarget "Stalin Craft" */,
				64C334FC2922524000BB8570 /* Release configuration for PBXNativeTarget "Stalin Craft" */,
			);
			defaultConfigurationName = Release;
		};
/* End XCConfigurationList section */

/* Begin XCRemoteSwiftPackageReference section */
		644D708929F3C80C0007C7F4 /* XCRemoteSwiftPackageReference "microsoft-authentication-library-for-objc" */ = {
			isa = XCRemoteSwiftPackageReference;
			repositoryURL = "https://github.com/AzureAD/microsoft-authentication-library-for-objc";
			requirement = {
				kind = upToNextMajorVersion;
				minimumVersion = 1.0.0;
			};
		};
		64515B712A78DF34000D17A8 /* XCRemoteSwiftPackageReference "FileWatcher" */ = {
			isa = XCRemoteSwiftPackageReference;
			repositoryURL = "https://github.com/eonist/FileWatcher.git";
			requirement = {
				kind = upToNextMajorVersion;
				minimumVersion = 0.2.3;
			};
		};
		6459E1212976FEDF006DB3A4 /* XCRemoteSwiftPackageReference "SymbolPicker" */ = {
			isa = XCRemoteSwiftPackageReference;
			repositoryURL = "https://github.com/xnth97/SymbolPicker.git";
			requirement = {
				kind = upToNextMajorVersion;
				minimumVersion = 1.0.0;
			};
		};
		648445782A10C95100049986 /* XCRemoteSwiftPackageReference "async-http-client" */ = {
			isa = XCRemoteSwiftPackageReference;
			repositoryURL = "https://github.com/swift-server/async-http-client";
			requirement = {
				kind = upToNextMajorVersion;
				minimumVersion = 1.0.0;
			};
		};
		64FA2A902A0F73BD0042A4A7 /* XCRemoteSwiftPackageReference "swifter" */ = {
			isa = XCRemoteSwiftPackageReference;
			repositoryURL = "https://github.com/httpswift/swifter";
			requirement = {
				kind = upToNextMajorVersion;
				minimumVersion = 1.0.0;
			};
		};
		64FC5B272A5805FA009D0050 /* XCRemoteSwiftPackageReference "Zip" */ = {
			isa = XCRemoteSwiftPackageReference;
			repositoryURL = "https://github.com/marmelroy/Zip.git";
			requirement = {
				kind = upToNextMajorVersion;
				minimumVersion = 2.1.2;
			};
		};
		F337D6252BBEEA8C004B52C5 /* XCRemoteSwiftPackageReference "ScrechKit" */ = {
			isa = XCRemoteSwiftPackageReference;
			repositoryURL = "https://github.com/TopScrech/ScrechKit";
			requirement = {
				branch = main;
				kind = branch;
			};
		};
/* End XCRemoteSwiftPackageReference section */

/* Begin XCSwiftPackageProductDependency section */
		64515B722A78DF34000D17A8 /* FileWatcher */ = {
			isa = XCSwiftPackageProductDependency;
			package = 64515B712A78DF34000D17A8 /* XCRemoteSwiftPackageReference "FileWatcher" */;
			productName = FileWatcher;
		};
		64FA2A912A0F73BD0042A4A7 /* Swifter */ = {
			isa = XCSwiftPackageProductDependency;
			package = 64FA2A902A0F73BD0042A4A7 /* XCRemoteSwiftPackageReference "swifter" */;
			productName = Swifter;
		};
		64FC5B282A5805FB009D0050 /* Zip */ = {
			isa = XCSwiftPackageProductDependency;
			package = 64FC5B272A5805FA009D0050 /* XCRemoteSwiftPackageReference "Zip" */;
			productName = Zip;
		};
		F337D6262BBEEA8C004B52C5 /* ScrechKit */ = {
			isa = XCSwiftPackageProductDependency;
			package = F337D6252BBEEA8C004B52C5 /* XCRemoteSwiftPackageReference "ScrechKit" */;
			productName = ScrechKit;
		};
/* End XCSwiftPackageProductDependency section */
	};
	rootObject = 64C334CD2922523500BB8570 /* Project object */;
}
